
Microsoft Visual Studio Solution File, Format Version 12.00
# Visual Studio Version 16
VisualStudioVersion = 16.0.29102.190
MinimumVisualStudioVersion = 10.0.40219.1
Project("{8BC9CEB8-8B4A-11D0-8D11-00A0C91BC942}") = "1001", "1001\1001.vcxproj", "{6F61BD8A-EFB0-402B-9525-4D99411F65CD}"
EndProject
Project("{8BC9CEB8-8B4A-11D0-8D11-00A0C91BC942}") = "1002", "1002\1002.vcxproj", "{E521F0AC-FD3A-46EA-9381-7B7AE2EDDF14}"
EndProject
Project("{8BC9CEB8-8B4A-11D0-8D11-00A0C91BC942}") = "1003", "1003\1003.vcxproj", "{81684FEE-7DB7-4FE0-A24B-42D7FC464860}"
EndProject
Project("{8BC9CEB8-8B4A-11D0-8D11-00A0C91BC942}") = "1004", "1004\1004.vcxproj", "{140AFE9D-C87B-4459-BFCB-2D1EA761EB93}"
EndProject
Project("{8BC9CEB8-8B4A-11D0-8D11-00A0C91BC942}") = "1005", "1005\1005.vcxproj", "{F835A3DD-1AE4-4DD7-B6BE-B32D7E726913}"
EndProject
Project("{8BC9CEB8-8B4A-11D0-8D11-00A0C91BC942}") = "1006", "1006\1006.vcxproj", "{D9BE0C64-2417-49F8-AC48-42DAE94359CE}"
EndProject
Project("{8BC9CEB8-8B4A-11D0-8D11-00A0C91BC942}") = "1007", "1007\1007.vcxproj", "{9967900F-4A7B-434B-8188-068A8FA52B84}"
EndProject
Project("{8BC9CEB8-8B4A-11D0-8D11-00A0C91BC942}") = "1010", "1010\1010.vcxproj", "{9AD8188A-0F50-4F19-B801-710563C60F30}"
EndProject
Project("{8BC9CEB8-8B4A-11D0-8D11-00A0C91BC942}") = "1011", "1011\1011.vcxproj", "{C8430E3A-D78C-4CA8-A54A-2C66BA3B1008}"
EndProject
Project("{8BC9CEB8-8B4A-11D0-8D11-00A0C91BC942}") = "1012", "1012\1012.vcxproj", "{EEA7F784-011C-4A16-A043-1A0B97BCFF23}"
EndProject
Project("{8BC9CEB8-8B4A-11D0-8D11-00A0C91BC942}") = "1013", "1013\1013.vcxproj", "{E63509A4-1AF8-45C8-AFF5-D8C07B47FE2C}"
EndProject
Project("{8BC9CEB8-8B4A-11D0-8D11-00A0C91BC942}") = "1014", "1014\1014.vcxproj", "{D3ED4124-B52F-4E7E-A3BE-DB316DC75658}"
EndProject
Project("{8BC9CEB8-8B4A-11D0-8D11-00A0C91BC942}") = "1015", "1015\1015.vcxproj", "{BDAC5D47-58B3-4483-AFA5-AD3AD684CF73}"
EndProject
Project("{8BC9CEB8-8B4A-11D0-8D11-00A0C91BC942}") = "1017", "1017\1017.vcxproj", "{210FC06B-D881-4595-95F0-92D67E83271E}"
EndProject
Project("{8BC9CEB8-8B4A-11D0-8D11-00A0C91BC942}") = "1018", "1018\1018.vcxproj", "{CEB9FCBD-6DE2-4599-9301-56A8F7B9EBB7}"
EndProject
Project("{8BC9CEB8-8B4A-11D0-8D11-00A0C91BC942}") = "1019", "1019\1019.vcxproj", "{4E2CF5EC-99FA-4F55-94F8-F14B2F9ECD16}"
EndProject
Project("{8BC9CEB8-8B4A-11D0-8D11-00A0C91BC942}") = "1020", "1020\1020.vcxproj", "{9068EA78-7035-4FFD-A082-0B8AAE59956E}"
EndProject
Project("{8BC9CEB8-8B4A-11D0-8D11-00A0C91BC942}") = "1021", "1021\1021.vcxproj", "{AF542F9C-7DF1-47DC-9A24-B9F370BE09C1}"
EndProject
Project("{8BC9CEB8-8B4A-11D0-8D11-00A0C91BC942}") = "1022", "1022\1022.vcxproj", "{3888A9A1-4C34-49F1-8B96-1A8DF57ED617}"
EndProject
Project("{8BC9CEB8-8B4A-11D0-8D11-00A0C91BC942}") = "1023", "1023\1023.vcxproj", "{A31446AB-BA09-47C1-8B6C-E782BC5DAAA5}"
EndProject
Project("{8BC9CEB8-8B4A-11D0-8D11-00A0C91BC942}") = "1024", "1024\1024.vcxproj", "{7C06F542-91E2-46DD-8B58-8894578C1D57}"
EndProject
Project("{8BC9CEB8-8B4A-11D0-8D11-00A0C91BC942}") = "1025", "1025\1025.vcxproj", "{086993D2-C869-4337-9B18-9B6D296D1214}"
EndProject
Project("{8BC9CEB8-8B4A-11D0-8D11-00A0C91BC942}") = "test", "test\test.vcxproj", "{3A1304AB-EE64-4B81-AC72-93343814C0D0}"
EndProject
Project("{8BC9CEB8-8B4A-11D0-8D11-00A0C91BC942}") = "1026", "1026\1026.vcxproj", "{F58FD5B5-F146-4D45-A4D9-4583022C591F}"
EndProject
Project("{8BC9CEB8-8B4A-11D0-8D11-00A0C91BC942}") = "1027", "1027\1027.vcxproj", "{78870C97-6AB6-47B5-A1BF-4A3011120AAC}"
EndProject
Project("{8BC9CEB8-8B4A-11D0-8D11-00A0C91BC942}") = "1028", "1028\1028.vcxproj", "{2B20C431-317E-4F97-A4D6-7915FD53AF79}"
EndProject
Project("{8BC9CEB8-8B4A-11D0-8D11-00A0C91BC942}") = "1029", "1029\1029.vcxproj", "{E25FCDD6-D891-4D93-91BE-07DA1C789CE5}"
EndProject
Project("{8BC9CEB8-8B4A-11D0-8D11-00A0C91BC942}") = "1030", "1030\1030.vcxproj", "{A87831F8-E954-49C5-89A6-F0DD0F29C39C}"
EndProject
Project("{8BC9CEB8-8B4A-11D0-8D11-00A0C91BC942}") = "1031", "1031\1031.vcxproj", "{FE1DE31F-1737-42C8-A249-F80491CCF533}"
EndProject
Project("{8BC9CEB8-8B4A-11D0-8D11-00A0C91BC942}") = "1032", "1032\1032.vcxproj", "{C65C6D27-3AAA-4DBD-93F1-4AC2FCDEB46B}"
EndProject
Project("{8BC9CEB8-8B4A-11D0-8D11-00A0C91BC942}") = "1033", "1033\1033.vcxproj", "{A704CE41-60BA-4834-933C-073F13F860D8}"
EndProject
Project("{8BC9CEB8-8B4A-11D0-8D11-00A0C91BC942}") = "1034", "1034\1034.vcxproj", "{B86FFA1A-1ED7-44A8-A551-831B73CE6249}"
EndProject
Project("{8BC9CEB8-8B4A-11D0-8D11-00A0C91BC942}") = "1035", "1035\1035.vcxproj", "{2CE4B3FC-3E77-414E-9E38-1105B587F3E8}"
EndProject
Project("{8BC9CEB8-8B4A-11D0-8D11-00A0C91BC942}") = "1036", "1036\1036.vcxproj", "{847C8CB2-6219-4487-83A7-74FC05880EF7}"
EndProject
Project("{8BC9CEB8-8B4A-11D0-8D11-00A0C91BC942}") = "1037", "1037\1037.vcxproj", "{75E4DA0F-4612-4905-BEC7-47241248616D}"
EndProject
Project("{8BC9CEB8-8B4A-11D0-8D11-00A0C91BC942}") = "1038", "1038\1038.vcxproj", "{A12AFCAD-73D4-4A1D-9352-5E1C81486FE9}"
EndProject
Project("{8BC9CEB8-8B4A-11D0-8D11-00A0C91BC942}") = "1008", "1008\1008.vcxproj", "{9193DDF3-F701-4D60-A59D-1008D184C1B8}"
EndProject
Project("{8BC9CEB8-8B4A-11D0-8D11-00A0C91BC942}") = "1039", "1039\1039.vcxproj", "{75A6A480-8757-4B1E-8295-5D4FAFD76BE1}"
EndProject
Project("{8BC9CEB8-8B4A-11D0-8D11-00A0C91BC942}") = "1040", "1040\1040.vcxproj", "{8AC46EA6-2A63-4C39-8653-C968A22608A8}"
EndProject
Project("{8BC9CEB8-8B4A-11D0-8D11-00A0C91BC942}") = "1041", "1041\1041.vcxproj", "{39386A69-96A3-408F-A504-4921C636F3FB}"
EndProject
Project("{8BC9CEB8-8B4A-11D0-8D11-00A0C91BC942}") = "1042", "1042\1042.vcxproj", "{AE459826-6341-407D-9DD0-A0C7C6641884}"
EndProject
Project("{8BC9CEB8-8B4A-11D0-8D11-00A0C91BC942}") = "1043", "1043\1043.vcxproj", "{5F7F723E-F8B7-4F68-AD1E-DF8C2100DE89}"
EndProject
Project("{8BC9CEB8-8B4A-11D0-8D11-00A0C91BC942}") = "1044", "1044\1044.vcxproj", "{FE2C7B75-5E43-4733-9426-8CAC88F7B3C5}"
EndProject
Project("{8BC9CEB8-8B4A-11D0-8D11-00A0C91BC942}") = "1045", "1045\1045.vcxproj", "{9266DB02-F1A6-4420-B158-E96093F6B459}"
EndProject
Project("{8BC9CEB8-8B4A-11D0-8D11-00A0C91BC942}") = "1046", "1046\1046.vcxproj", "{D3B8467C-AAEA-4529-8528-B34A728C1560}"
EndProject
Project("{8BC9CEB8-8B4A-11D0-8D11-00A0C91BC942}") = "1047", "1047\1047.vcxproj", "{FC62442A-0C1A-4CC1-A121-6F30341C673C}"
EndProject
Project("{8BC9CEB8-8B4A-11D0-8D11-00A0C91BC942}") = "1048", "1048\1048.vcxproj", "{84EAE8C9-3693-46C3-8A83-2F1CF624922F}"
EndProject
Project("{8BC9CEB8-8B4A-11D0-8D11-00A0C91BC942}") = "1049", "1049\1049.vcxproj", "{77C25790-F2F4-4D33-B835-2208298AB6D4}"
EndProject
Project("{8BC9CEB8-8B4A-11D0-8D11-00A0C91BC942}") = "1050", "1050\1050.vcxproj", "{F2B6C54F-3DF6-4C43-8B2B-F63E898B92A0}"
EndProject
Project("{8BC9CEB8-8B4A-11D0-8D11-00A0C91BC942}") = "1051", "1051\1051.vcxproj", "{4C704B5D-CBF1-472F-9E39-1134610A73FE}"
EndProject
Project("{8BC9CEB8-8B4A-11D0-8D11-00A0C91BC942}") = "1052", "1052\1052.vcxproj", "{EBB8399A-F993-425E-87EC-916BC19660BE}"
EndProject
Project("{8BC9CEB8-8B4A-11D0-8D11-00A0C91BC942}") = "1053", "1053\1053.vcxproj", "{44F01909-739F-448F-A2B9-1C461618B46C}"
EndProject
Project("{8BC9CEB8-8B4A-11D0-8D11-00A0C91BC942}") = "1054", "1054\1054.vcxproj", "{A6148FD7-B8F3-4DD5-9A58-0918EEB307AB}"
EndProject
Project("{8BC9CEB8-8B4A-11D0-8D11-00A0C91BC942}") = "1055", "1055\1055.vcxproj", "{92C3B8E0-DF68-4378-B9B3-05746C769B65}"
EndProject
Project("{8BC9CEB8-8B4A-11D0-8D11-00A0C91BC942}") = "1056", "1056\1056.vcxproj", "{BAA75843-9588-4B85-9D71-707BB7C7FCE3}"
EndProject
Project("{8BC9CEB8-8B4A-11D0-8D11-00A0C91BC942}") = "1057", "1057\1057.vcxproj", "{1F8513AD-5011-4EBF-9D88-DE30554C876B}"
EndProject
Project("{8BC9CEB8-8B4A-11D0-8D11-00A0C91BC942}") = "1058", "1058\1058.vcxproj", "{D433F55A-8AE5-46F4-8F53-158AF6DA3ABC}"
EndProject
Project("{8BC9CEB8-8B4A-11D0-8D11-00A0C91BC942}") = "1059", "1059\1059.vcxproj", "{628C2F2E-9D2F-4499-B441-3D0D9123136C}"
EndProject
Project("{8BC9CEB8-8B4A-11D0-8D11-00A0C91BC942}") = "1060", "1060\1060.vcxproj", "{DEE8DCB8-152D-4510-B75C-9C3BC240ADCD}"
EndProject
Project("{8BC9CEB8-8B4A-11D0-8D11-00A0C91BC942}") = "1061", "1061\1061.vcxproj", "{14E42CB3-9D2E-4805-B723-9C0831D0E658}"
EndProject
Project("{8BC9CEB8-8B4A-11D0-8D11-00A0C91BC942}") = "1062", "1062\1062.vcxproj", "{1799905E-D029-49FA-A3CC-9A70A2AAE705}"
EndProject
Project("{8BC9CEB8-8B4A-11D0-8D11-00A0C91BC942}") = "1063", "1063\1063.vcxproj", "{C2948AD0-E4D5-4DAC-98F1-15A4ABB702BC}"
EndProject
Project("{8BC9CEB8-8B4A-11D0-8D11-00A0C91BC942}") = "1064", "1064\1064.vcxproj", "{B299CC44-77FB-4BA5-B97B-FE99DD80EE3D}"
EndProject
Project("{8BC9CEB8-8B4A-11D0-8D11-00A0C91BC942}") = "1065", "1065\1065.vcxproj", "{1579FA80-9DA0-4567-A1CF-14E5E2033BF5}"
EndProject
Project("{8BC9CEB8-8B4A-11D0-8D11-00A0C91BC942}") = "1066", "1066\1066.vcxproj", "{A7BA4229-0833-4C9B-9E96-D8817D88CA7A}"
EndProject
Project("{8BC9CEB8-8B4A-11D0-8D11-00A0C91BC942}") = "1067", "1067\1067.vcxproj", "{AA2BE9B1-5E0C-44FA-BD32-EE499671F446}"
EndProject
Project("{8BC9CEB8-8B4A-11D0-8D11-00A0C91BC942}") = "1068", "1068\1068.vcxproj", "{FE134AEC-7121-49E2-B247-5595B1B4539E}"
EndProject
Project("{8BC9CEB8-8B4A-11D0-8D11-00A0C91BC942}") = "1069", "1069\1069.vcxproj", "{56BFE407-E9CA-47C5-87CA-D3BF0FC4AE71}"
EndProject
Project("{8BC9CEB8-8B4A-11D0-8D11-00A0C91BC942}") = "1070", "1070\1070.vcxproj", "{FCC1916B-A855-4DDB-B2D5-8B24E4CA564B}"
EndProject
Project("{8BC9CEB8-8B4A-11D0-8D11-00A0C91BC942}") = "1071", "1071\1071.vcxproj", "{AE963E2E-74C4-48BD-BF42-72B8906D82A6}"
EndProject
Project("{8BC9CEB8-8B4A-11D0-8D11-00A0C91BC942}") = "1072", "1072\1072.vcxproj", "{B27EFAF3-4D13-41C1-87B0-C3A11F86BAEE}"
EndProject
Project("{8BC9CEB8-8B4A-11D0-8D11-00A0C91BC942}") = "1073", "1073\1073.vcxproj", "{7E22F821-53FC-4AF7-9618-3317EE2BB44C}"
EndProject
Project("{8BC9CEB8-8B4A-11D0-8D11-00A0C91BC942}") = "1074", "1074\1074.vcxproj", "{B0A7171B-5094-4477-96F3-FE97EC83FD5E}"
EndProject
Project("{8BC9CEB8-8B4A-11D0-8D11-00A0C91BC942}") = "1075", "1075\1075.vcxproj", "{55D90AB7-BA0A-47C5-8829-B9EB3E476897}"
EndProject
Project("{8BC9CEB8-8B4A-11D0-8D11-00A0C91BC942}") = "1076", "1076\1076.vcxproj", "{2FC7852C-25A8-479F-9742-511DEB97632B}"
EndProject
Project("{8BC9CEB8-8B4A-11D0-8D11-00A0C91BC942}") = "1077", "1077\1077.vcxproj", "{F14901F1-8657-49CA-B3A3-522C49D5201A}"
EndProject
Project("{8BC9CEB8-8B4A-11D0-8D11-00A0C91BC942}") = "1078", "1078\1078.vcxproj", "{B5B11EF5-36D8-45EB-AF87-154B080EA6B8}"
EndProject
Project("{8BC9CEB8-8B4A-11D0-8D11-00A0C91BC942}") = "1079", "1079\1079.vcxproj", "{457CC081-2713-4EAD-98FB-3BD629C22455}"
EndProject
Project("{8BC9CEB8-8B4A-11D0-8D11-00A0C91BC942}") = "1080", "1080\1080.vcxproj", "{DC9DCF90-0F27-47FD-8965-8D7FA851BD1D}"
EndProject
Project("{8BC9CEB8-8B4A-11D0-8D11-00A0C91BC942}") = "1081", "1081\1081.vcxproj", "{55D29393-CE89-4A04-92CF-DA4071038292}"
EndProject
Project("{8BC9CEB8-8B4A-11D0-8D11-00A0C91BC942}") = "1082", "1082\1082.vcxproj", "{C2486058-3084-436C-B768-2CBB5D3F15D7}"
EndProject
Project("{8BC9CEB8-8B4A-11D0-8D11-00A0C91BC942}") = "1083", "1083\1083.vcxproj", "{0789C0CA-69A9-4E5D-BD4F-78C1253AC8C6}"
EndProject
Project("{8BC9CEB8-8B4A-11D0-8D11-00A0C91BC942}") = "1084", "1084\1084.vcxproj", "{C5E8537B-3663-44EE-BB5D-C53D3F28F2A0}"
EndProject
Project("{8BC9CEB8-8B4A-11D0-8D11-00A0C91BC942}") = "1085", "1085\1085.vcxproj", "{A64F8FBC-4E3A-468F-BA6F-17C8694FB029}"
EndProject
Project("{8BC9CEB8-8B4A-11D0-8D11-00A0C91BC942}") = "1087", "1087\1087.vcxproj", "{8CEB2B8A-F27D-4118-8AAB-6361DE4B2837}"
EndProject
Project("{8BC9CEB8-8B4A-11D0-8D11-00A0C91BC942}") = "1088", "1088\1088.vcxproj", "{C01638E6-D843-476A-B715-25888EA3900F}"
EndProject
Project("{8BC9CEB8-8B4A-11D0-8D11-00A0C91BC942}") = "1089", "1089\1089.vcxproj", "{F462D590-821C-4B50-9A3E-CA38BDF3BA5C}"
EndProject
Project("{8BC9CEB8-8B4A-11D0-8D11-00A0C91BC942}") = "1090", "1090\1090.vcxproj", "{03FB30F7-AF1C-4151-81FA-AA9BCB8C30B6}"
EndProject
Project("{8BC9CEB8-8B4A-11D0-8D11-00A0C91BC942}") = "1091", "1091\1091.vcxproj", "{8ABBC6E4-8EC1-4138-AF6D-56E260C7A6E2}"
EndProject
Project("{8BC9CEB8-8B4A-11D0-8D11-00A0C91BC942}") = "1092", "1092\1092.vcxproj", "{876B47B1-5004-49D7-A8BD-66F39DE4939B}"
EndProject
Project("{8BC9CEB8-8B4A-11D0-8D11-00A0C91BC942}") = "1093", "1093\1093.vcxproj", "{41C89FFE-A4B1-4903-89A2-BF35C0B4BA2D}"
EndProject
Project("{8BC9CEB8-8B4A-11D0-8D11-00A0C91BC942}") = "1094", "1094\1094.vcxproj", "{68DC4405-C697-445D-B025-AE7151E332A1}"
EndProject
Project("{8BC9CEB8-8B4A-11D0-8D11-00A0C91BC942}") = "1095", "1095\1095.vcxproj", "{58EC0BD5-CFED-488C-B84B-465E53108783}"
EndProject
Project("{8BC9CEB8-8B4A-11D0-8D11-00A0C91BC942}") = "1096", "1096\1096.vcxproj", "{9F921656-18EB-4508-992E-B54CD7D7C565}"
EndProject
Global
	GlobalSection(SolutionConfigurationPlatforms) = preSolution
		Debug|x64 = Debug|x64
		Debug|x86 = Debug|x86
		Release|x64 = Release|x64
		Release|x86 = Release|x86
	EndGlobalSection
	GlobalSection(ProjectConfigurationPlatforms) = postSolution
		{6F61BD8A-EFB0-402B-9525-4D99411F65CD}.Debug|x64.ActiveCfg = Debug|x64
		{6F61BD8A-EFB0-402B-9525-4D99411F65CD}.Debug|x64.Build.0 = Debug|x64
		{6F61BD8A-EFB0-402B-9525-4D99411F65CD}.Debug|x86.ActiveCfg = Debug|Win32
		{6F61BD8A-EFB0-402B-9525-4D99411F65CD}.Debug|x86.Build.0 = Debug|Win32
		{6F61BD8A-EFB0-402B-9525-4D99411F65CD}.Release|x64.ActiveCfg = Release|x64
		{6F61BD8A-EFB0-402B-9525-4D99411F65CD}.Release|x64.Build.0 = Release|x64
		{6F61BD8A-EFB0-402B-9525-4D99411F65CD}.Release|x86.ActiveCfg = Release|Win32
		{6F61BD8A-EFB0-402B-9525-4D99411F65CD}.Release|x86.Build.0 = Release|Win32
		{E521F0AC-FD3A-46EA-9381-7B7AE2EDDF14}.Debug|x64.ActiveCfg = Debug|x64
		{E521F0AC-FD3A-46EA-9381-7B7AE2EDDF14}.Debug|x64.Build.0 = Debug|x64
		{E521F0AC-FD3A-46EA-9381-7B7AE2EDDF14}.Debug|x86.ActiveCfg = Debug|Win32
		{E521F0AC-FD3A-46EA-9381-7B7AE2EDDF14}.Debug|x86.Build.0 = Debug|Win32
		{E521F0AC-FD3A-46EA-9381-7B7AE2EDDF14}.Release|x64.ActiveCfg = Release|x64
		{E521F0AC-FD3A-46EA-9381-7B7AE2EDDF14}.Release|x64.Build.0 = Release|x64
		{E521F0AC-FD3A-46EA-9381-7B7AE2EDDF14}.Release|x86.ActiveCfg = Release|Win32
		{E521F0AC-FD3A-46EA-9381-7B7AE2EDDF14}.Release|x86.Build.0 = Release|Win32
		{81684FEE-7DB7-4FE0-A24B-42D7FC464860}.Debug|x64.ActiveCfg = Debug|x64
		{81684FEE-7DB7-4FE0-A24B-42D7FC464860}.Debug|x64.Build.0 = Debug|x64
		{81684FEE-7DB7-4FE0-A24B-42D7FC464860}.Debug|x86.ActiveCfg = Debug|Win32
		{81684FEE-7DB7-4FE0-A24B-42D7FC464860}.Debug|x86.Build.0 = Debug|Win32
		{81684FEE-7DB7-4FE0-A24B-42D7FC464860}.Release|x64.ActiveCfg = Release|x64
		{81684FEE-7DB7-4FE0-A24B-42D7FC464860}.Release|x64.Build.0 = Release|x64
		{81684FEE-7DB7-4FE0-A24B-42D7FC464860}.Release|x86.ActiveCfg = Release|Win32
		{81684FEE-7DB7-4FE0-A24B-42D7FC464860}.Release|x86.Build.0 = Release|Win32
		{140AFE9D-C87B-4459-BFCB-2D1EA761EB93}.Debug|x64.ActiveCfg = Debug|x64
		{140AFE9D-C87B-4459-BFCB-2D1EA761EB93}.Debug|x64.Build.0 = Debug|x64
		{140AFE9D-C87B-4459-BFCB-2D1EA761EB93}.Debug|x86.ActiveCfg = Debug|Win32
		{140AFE9D-C87B-4459-BFCB-2D1EA761EB93}.Debug|x86.Build.0 = Debug|Win32
		{140AFE9D-C87B-4459-BFCB-2D1EA761EB93}.Release|x64.ActiveCfg = Release|x64
		{140AFE9D-C87B-4459-BFCB-2D1EA761EB93}.Release|x64.Build.0 = Release|x64
		{140AFE9D-C87B-4459-BFCB-2D1EA761EB93}.Release|x86.ActiveCfg = Release|Win32
		{140AFE9D-C87B-4459-BFCB-2D1EA761EB93}.Release|x86.Build.0 = Release|Win32
		{F835A3DD-1AE4-4DD7-B6BE-B32D7E726913}.Debug|x64.ActiveCfg = Debug|x64
		{F835A3DD-1AE4-4DD7-B6BE-B32D7E726913}.Debug|x64.Build.0 = Debug|x64
		{F835A3DD-1AE4-4DD7-B6BE-B32D7E726913}.Debug|x86.ActiveCfg = Debug|Win32
		{F835A3DD-1AE4-4DD7-B6BE-B32D7E726913}.Debug|x86.Build.0 = Debug|Win32
		{F835A3DD-1AE4-4DD7-B6BE-B32D7E726913}.Release|x64.ActiveCfg = Release|x64
		{F835A3DD-1AE4-4DD7-B6BE-B32D7E726913}.Release|x64.Build.0 = Release|x64
		{F835A3DD-1AE4-4DD7-B6BE-B32D7E726913}.Release|x86.ActiveCfg = Release|Win32
		{F835A3DD-1AE4-4DD7-B6BE-B32D7E726913}.Release|x86.Build.0 = Release|Win32
		{D9BE0C64-2417-49F8-AC48-42DAE94359CE}.Debug|x64.ActiveCfg = Debug|x64
		{D9BE0C64-2417-49F8-AC48-42DAE94359CE}.Debug|x64.Build.0 = Debug|x64
		{D9BE0C64-2417-49F8-AC48-42DAE94359CE}.Debug|x86.ActiveCfg = Debug|Win32
		{D9BE0C64-2417-49F8-AC48-42DAE94359CE}.Debug|x86.Build.0 = Debug|Win32
		{D9BE0C64-2417-49F8-AC48-42DAE94359CE}.Release|x64.ActiveCfg = Release|x64
		{D9BE0C64-2417-49F8-AC48-42DAE94359CE}.Release|x64.Build.0 = Release|x64
		{D9BE0C64-2417-49F8-AC48-42DAE94359CE}.Release|x86.ActiveCfg = Release|Win32
		{D9BE0C64-2417-49F8-AC48-42DAE94359CE}.Release|x86.Build.0 = Release|Win32
		{9967900F-4A7B-434B-8188-068A8FA52B84}.Debug|x64.ActiveCfg = Debug|x64
		{9967900F-4A7B-434B-8188-068A8FA52B84}.Debug|x64.Build.0 = Debug|x64
		{9967900F-4A7B-434B-8188-068A8FA52B84}.Debug|x86.ActiveCfg = Debug|Win32
		{9967900F-4A7B-434B-8188-068A8FA52B84}.Debug|x86.Build.0 = Debug|Win32
		{9967900F-4A7B-434B-8188-068A8FA52B84}.Release|x64.ActiveCfg = Release|x64
		{9967900F-4A7B-434B-8188-068A8FA52B84}.Release|x64.Build.0 = Release|x64
		{9967900F-4A7B-434B-8188-068A8FA52B84}.Release|x86.ActiveCfg = Release|Win32
		{9967900F-4A7B-434B-8188-068A8FA52B84}.Release|x86.Build.0 = Release|Win32
		{9AD8188A-0F50-4F19-B801-710563C60F30}.Debug|x64.ActiveCfg = Debug|x64
		{9AD8188A-0F50-4F19-B801-710563C60F30}.Debug|x64.Build.0 = Debug|x64
		{9AD8188A-0F50-4F19-B801-710563C60F30}.Debug|x86.ActiveCfg = Debug|Win32
		{9AD8188A-0F50-4F19-B801-710563C60F30}.Debug|x86.Build.0 = Debug|Win32
		{9AD8188A-0F50-4F19-B801-710563C60F30}.Release|x64.ActiveCfg = Release|x64
		{9AD8188A-0F50-4F19-B801-710563C60F30}.Release|x64.Build.0 = Release|x64
		{9AD8188A-0F50-4F19-B801-710563C60F30}.Release|x86.ActiveCfg = Release|Win32
		{9AD8188A-0F50-4F19-B801-710563C60F30}.Release|x86.Build.0 = Release|Win32
		{C8430E3A-D78C-4CA8-A54A-2C66BA3B1008}.Debug|x64.ActiveCfg = Debug|x64
		{C8430E3A-D78C-4CA8-A54A-2C66BA3B1008}.Debug|x64.Build.0 = Debug|x64
		{C8430E3A-D78C-4CA8-A54A-2C66BA3B1008}.Debug|x86.ActiveCfg = Debug|Win32
		{C8430E3A-D78C-4CA8-A54A-2C66BA3B1008}.Debug|x86.Build.0 = Debug|Win32
		{C8430E3A-D78C-4CA8-A54A-2C66BA3B1008}.Release|x64.ActiveCfg = Release|x64
		{C8430E3A-D78C-4CA8-A54A-2C66BA3B1008}.Release|x64.Build.0 = Release|x64
		{C8430E3A-D78C-4CA8-A54A-2C66BA3B1008}.Release|x86.ActiveCfg = Release|Win32
		{C8430E3A-D78C-4CA8-A54A-2C66BA3B1008}.Release|x86.Build.0 = Release|Win32
		{EEA7F784-011C-4A16-A043-1A0B97BCFF23}.Debug|x64.ActiveCfg = Debug|x64
		{EEA7F784-011C-4A16-A043-1A0B97BCFF23}.Debug|x64.Build.0 = Debug|x64
		{EEA7F784-011C-4A16-A043-1A0B97BCFF23}.Debug|x86.ActiveCfg = Debug|Win32
		{EEA7F784-011C-4A16-A043-1A0B97BCFF23}.Debug|x86.Build.0 = Debug|Win32
		{EEA7F784-011C-4A16-A043-1A0B97BCFF23}.Release|x64.ActiveCfg = Release|x64
		{EEA7F784-011C-4A16-A043-1A0B97BCFF23}.Release|x64.Build.0 = Release|x64
		{EEA7F784-011C-4A16-A043-1A0B97BCFF23}.Release|x86.ActiveCfg = Release|Win32
		{EEA7F784-011C-4A16-A043-1A0B97BCFF23}.Release|x86.Build.0 = Release|Win32
		{E63509A4-1AF8-45C8-AFF5-D8C07B47FE2C}.Debug|x64.ActiveCfg = Debug|x64
		{E63509A4-1AF8-45C8-AFF5-D8C07B47FE2C}.Debug|x64.Build.0 = Debug|x64
		{E63509A4-1AF8-45C8-AFF5-D8C07B47FE2C}.Debug|x86.ActiveCfg = Debug|Win32
		{E63509A4-1AF8-45C8-AFF5-D8C07B47FE2C}.Debug|x86.Build.0 = Debug|Win32
		{E63509A4-1AF8-45C8-AFF5-D8C07B47FE2C}.Release|x64.ActiveCfg = Release|x64
		{E63509A4-1AF8-45C8-AFF5-D8C07B47FE2C}.Release|x64.Build.0 = Release|x64
		{E63509A4-1AF8-45C8-AFF5-D8C07B47FE2C}.Release|x86.ActiveCfg = Release|Win32
		{E63509A4-1AF8-45C8-AFF5-D8C07B47FE2C}.Release|x86.Build.0 = Release|Win32
		{D3ED4124-B52F-4E7E-A3BE-DB316DC75658}.Debug|x64.ActiveCfg = Debug|x64
		{D3ED4124-B52F-4E7E-A3BE-DB316DC75658}.Debug|x64.Build.0 = Debug|x64
		{D3ED4124-B52F-4E7E-A3BE-DB316DC75658}.Debug|x86.ActiveCfg = Debug|Win32
		{D3ED4124-B52F-4E7E-A3BE-DB316DC75658}.Debug|x86.Build.0 = Debug|Win32
		{D3ED4124-B52F-4E7E-A3BE-DB316DC75658}.Release|x64.ActiveCfg = Release|x64
		{D3ED4124-B52F-4E7E-A3BE-DB316DC75658}.Release|x64.Build.0 = Release|x64
		{D3ED4124-B52F-4E7E-A3BE-DB316DC75658}.Release|x86.ActiveCfg = Release|Win32
		{D3ED4124-B52F-4E7E-A3BE-DB316DC75658}.Release|x86.Build.0 = Release|Win32
		{BDAC5D47-58B3-4483-AFA5-AD3AD684CF73}.Debug|x64.ActiveCfg = Debug|x64
		{BDAC5D47-58B3-4483-AFA5-AD3AD684CF73}.Debug|x64.Build.0 = Debug|x64
		{BDAC5D47-58B3-4483-AFA5-AD3AD684CF73}.Debug|x86.ActiveCfg = Debug|Win32
		{BDAC5D47-58B3-4483-AFA5-AD3AD684CF73}.Debug|x86.Build.0 = Debug|Win32
		{BDAC5D47-58B3-4483-AFA5-AD3AD684CF73}.Release|x64.ActiveCfg = Release|x64
		{BDAC5D47-58B3-4483-AFA5-AD3AD684CF73}.Release|x64.Build.0 = Release|x64
		{BDAC5D47-58B3-4483-AFA5-AD3AD684CF73}.Release|x86.ActiveCfg = Release|Win32
		{BDAC5D47-58B3-4483-AFA5-AD3AD684CF73}.Release|x86.Build.0 = Release|Win32
		{210FC06B-D881-4595-95F0-92D67E83271E}.Debug|x64.ActiveCfg = Debug|x64
		{210FC06B-D881-4595-95F0-92D67E83271E}.Debug|x64.Build.0 = Debug|x64
		{210FC06B-D881-4595-95F0-92D67E83271E}.Debug|x86.ActiveCfg = Debug|Win32
		{210FC06B-D881-4595-95F0-92D67E83271E}.Debug|x86.Build.0 = Debug|Win32
		{210FC06B-D881-4595-95F0-92D67E83271E}.Release|x64.ActiveCfg = Release|x64
		{210FC06B-D881-4595-95F0-92D67E83271E}.Release|x64.Build.0 = Release|x64
		{210FC06B-D881-4595-95F0-92D67E83271E}.Release|x86.ActiveCfg = Release|Win32
		{210FC06B-D881-4595-95F0-92D67E83271E}.Release|x86.Build.0 = Release|Win32
		{CEB9FCBD-6DE2-4599-9301-56A8F7B9EBB7}.Debug|x64.ActiveCfg = Debug|x64
		{CEB9FCBD-6DE2-4599-9301-56A8F7B9EBB7}.Debug|x64.Build.0 = Debug|x64
		{CEB9FCBD-6DE2-4599-9301-56A8F7B9EBB7}.Debug|x86.ActiveCfg = Debug|Win32
		{CEB9FCBD-6DE2-4599-9301-56A8F7B9EBB7}.Debug|x86.Build.0 = Debug|Win32
		{CEB9FCBD-6DE2-4599-9301-56A8F7B9EBB7}.Release|x64.ActiveCfg = Release|x64
		{CEB9FCBD-6DE2-4599-9301-56A8F7B9EBB7}.Release|x64.Build.0 = Release|x64
		{CEB9FCBD-6DE2-4599-9301-56A8F7B9EBB7}.Release|x86.ActiveCfg = Release|Win32
		{CEB9FCBD-6DE2-4599-9301-56A8F7B9EBB7}.Release|x86.Build.0 = Release|Win32
		{4E2CF5EC-99FA-4F55-94F8-F14B2F9ECD16}.Debug|x64.ActiveCfg = Debug|x64
		{4E2CF5EC-99FA-4F55-94F8-F14B2F9ECD16}.Debug|x64.Build.0 = Debug|x64
		{4E2CF5EC-99FA-4F55-94F8-F14B2F9ECD16}.Debug|x86.ActiveCfg = Debug|Win32
		{4E2CF5EC-99FA-4F55-94F8-F14B2F9ECD16}.Debug|x86.Build.0 = Debug|Win32
		{4E2CF5EC-99FA-4F55-94F8-F14B2F9ECD16}.Release|x64.ActiveCfg = Release|x64
		{4E2CF5EC-99FA-4F55-94F8-F14B2F9ECD16}.Release|x64.Build.0 = Release|x64
		{4E2CF5EC-99FA-4F55-94F8-F14B2F9ECD16}.Release|x86.ActiveCfg = Release|Win32
		{4E2CF5EC-99FA-4F55-94F8-F14B2F9ECD16}.Release|x86.Build.0 = Release|Win32
		{9068EA78-7035-4FFD-A082-0B8AAE59956E}.Debug|x64.ActiveCfg = Debug|x64
		{9068EA78-7035-4FFD-A082-0B8AAE59956E}.Debug|x64.Build.0 = Debug|x64
		{9068EA78-7035-4FFD-A082-0B8AAE59956E}.Debug|x86.ActiveCfg = Debug|Win32
		{9068EA78-7035-4FFD-A082-0B8AAE59956E}.Debug|x86.Build.0 = Debug|Win32
		{9068EA78-7035-4FFD-A082-0B8AAE59956E}.Release|x64.ActiveCfg = Release|x64
		{9068EA78-7035-4FFD-A082-0B8AAE59956E}.Release|x64.Build.0 = Release|x64
		{9068EA78-7035-4FFD-A082-0B8AAE59956E}.Release|x86.ActiveCfg = Release|Win32
		{9068EA78-7035-4FFD-A082-0B8AAE59956E}.Release|x86.Build.0 = Release|Win32
		{AF542F9C-7DF1-47DC-9A24-B9F370BE09C1}.Debug|x64.ActiveCfg = Debug|x64
		{AF542F9C-7DF1-47DC-9A24-B9F370BE09C1}.Debug|x64.Build.0 = Debug|x64
		{AF542F9C-7DF1-47DC-9A24-B9F370BE09C1}.Debug|x86.ActiveCfg = Debug|Win32
		{AF542F9C-7DF1-47DC-9A24-B9F370BE09C1}.Debug|x86.Build.0 = Debug|Win32
		{AF542F9C-7DF1-47DC-9A24-B9F370BE09C1}.Release|x64.ActiveCfg = Release|x64
		{AF542F9C-7DF1-47DC-9A24-B9F370BE09C1}.Release|x64.Build.0 = Release|x64
		{AF542F9C-7DF1-47DC-9A24-B9F370BE09C1}.Release|x86.ActiveCfg = Release|Win32
		{AF542F9C-7DF1-47DC-9A24-B9F370BE09C1}.Release|x86.Build.0 = Release|Win32
		{3888A9A1-4C34-49F1-8B96-1A8DF57ED617}.Debug|x64.ActiveCfg = Debug|x64
		{3888A9A1-4C34-49F1-8B96-1A8DF57ED617}.Debug|x64.Build.0 = Debug|x64
		{3888A9A1-4C34-49F1-8B96-1A8DF57ED617}.Debug|x86.ActiveCfg = Debug|Win32
		{3888A9A1-4C34-49F1-8B96-1A8DF57ED617}.Debug|x86.Build.0 = Debug|Win32
		{3888A9A1-4C34-49F1-8B96-1A8DF57ED617}.Release|x64.ActiveCfg = Release|x64
		{3888A9A1-4C34-49F1-8B96-1A8DF57ED617}.Release|x64.Build.0 = Release|x64
		{3888A9A1-4C34-49F1-8B96-1A8DF57ED617}.Release|x86.ActiveCfg = Release|Win32
		{3888A9A1-4C34-49F1-8B96-1A8DF57ED617}.Release|x86.Build.0 = Release|Win32
		{A31446AB-BA09-47C1-8B6C-E782BC5DAAA5}.Debug|x64.ActiveCfg = Debug|x64
		{A31446AB-BA09-47C1-8B6C-E782BC5DAAA5}.Debug|x64.Build.0 = Debug|x64
		{A31446AB-BA09-47C1-8B6C-E782BC5DAAA5}.Debug|x86.ActiveCfg = Debug|Win32
		{A31446AB-BA09-47C1-8B6C-E782BC5DAAA5}.Debug|x86.Build.0 = Debug|Win32
		{A31446AB-BA09-47C1-8B6C-E782BC5DAAA5}.Release|x64.ActiveCfg = Release|x64
		{A31446AB-BA09-47C1-8B6C-E782BC5DAAA5}.Release|x64.Build.0 = Release|x64
		{A31446AB-BA09-47C1-8B6C-E782BC5DAAA5}.Release|x86.ActiveCfg = Release|Win32
		{A31446AB-BA09-47C1-8B6C-E782BC5DAAA5}.Release|x86.Build.0 = Release|Win32
		{7C06F542-91E2-46DD-8B58-8894578C1D57}.Debug|x64.ActiveCfg = Debug|x64
		{7C06F542-91E2-46DD-8B58-8894578C1D57}.Debug|x64.Build.0 = Debug|x64
		{7C06F542-91E2-46DD-8B58-8894578C1D57}.Debug|x86.ActiveCfg = Debug|Win32
		{7C06F542-91E2-46DD-8B58-8894578C1D57}.Debug|x86.Build.0 = Debug|Win32
		{7C06F542-91E2-46DD-8B58-8894578C1D57}.Release|x64.ActiveCfg = Release|x64
		{7C06F542-91E2-46DD-8B58-8894578C1D57}.Release|x64.Build.0 = Release|x64
		{7C06F542-91E2-46DD-8B58-8894578C1D57}.Release|x86.ActiveCfg = Release|Win32
		{7C06F542-91E2-46DD-8B58-8894578C1D57}.Release|x86.Build.0 = Release|Win32
		{086993D2-C869-4337-9B18-9B6D296D1214}.Debug|x64.ActiveCfg = Debug|x64
		{086993D2-C869-4337-9B18-9B6D296D1214}.Debug|x64.Build.0 = Debug|x64
		{086993D2-C869-4337-9B18-9B6D296D1214}.Debug|x86.ActiveCfg = Debug|Win32
		{086993D2-C869-4337-9B18-9B6D296D1214}.Debug|x86.Build.0 = Debug|Win32
		{086993D2-C869-4337-9B18-9B6D296D1214}.Release|x64.ActiveCfg = Release|x64
		{086993D2-C869-4337-9B18-9B6D296D1214}.Release|x64.Build.0 = Release|x64
		{086993D2-C869-4337-9B18-9B6D296D1214}.Release|x86.ActiveCfg = Release|Win32
		{086993D2-C869-4337-9B18-9B6D296D1214}.Release|x86.Build.0 = Release|Win32
		{3A1304AB-EE64-4B81-AC72-93343814C0D0}.Debug|x64.ActiveCfg = Debug|x64
		{3A1304AB-EE64-4B81-AC72-93343814C0D0}.Debug|x64.Build.0 = Debug|x64
		{3A1304AB-EE64-4B81-AC72-93343814C0D0}.Debug|x86.ActiveCfg = Debug|Win32
		{3A1304AB-EE64-4B81-AC72-93343814C0D0}.Debug|x86.Build.0 = Debug|Win32
		{3A1304AB-EE64-4B81-AC72-93343814C0D0}.Release|x64.ActiveCfg = Release|x64
		{3A1304AB-EE64-4B81-AC72-93343814C0D0}.Release|x64.Build.0 = Release|x64
		{3A1304AB-EE64-4B81-AC72-93343814C0D0}.Release|x86.ActiveCfg = Release|Win32
		{3A1304AB-EE64-4B81-AC72-93343814C0D0}.Release|x86.Build.0 = Release|Win32
		{F58FD5B5-F146-4D45-A4D9-4583022C591F}.Debug|x64.ActiveCfg = Debug|x64
		{F58FD5B5-F146-4D45-A4D9-4583022C591F}.Debug|x64.Build.0 = Debug|x64
		{F58FD5B5-F146-4D45-A4D9-4583022C591F}.Debug|x86.ActiveCfg = Debug|Win32
		{F58FD5B5-F146-4D45-A4D9-4583022C591F}.Debug|x86.Build.0 = Debug|Win32
		{F58FD5B5-F146-4D45-A4D9-4583022C591F}.Release|x64.ActiveCfg = Release|x64
		{F58FD5B5-F146-4D45-A4D9-4583022C591F}.Release|x64.Build.0 = Release|x64
		{F58FD5B5-F146-4D45-A4D9-4583022C591F}.Release|x86.ActiveCfg = Release|Win32
		{F58FD5B5-F146-4D45-A4D9-4583022C591F}.Release|x86.Build.0 = Release|Win32
		{78870C97-6AB6-47B5-A1BF-4A3011120AAC}.Debug|x64.ActiveCfg = Debug|x64
		{78870C97-6AB6-47B5-A1BF-4A3011120AAC}.Debug|x64.Build.0 = Debug|x64
		{78870C97-6AB6-47B5-A1BF-4A3011120AAC}.Debug|x86.ActiveCfg = Debug|Win32
		{78870C97-6AB6-47B5-A1BF-4A3011120AAC}.Debug|x86.Build.0 = Debug|Win32
		{78870C97-6AB6-47B5-A1BF-4A3011120AAC}.Release|x64.ActiveCfg = Release|x64
		{78870C97-6AB6-47B5-A1BF-4A3011120AAC}.Release|x64.Build.0 = Release|x64
		{78870C97-6AB6-47B5-A1BF-4A3011120AAC}.Release|x86.ActiveCfg = Release|Win32
		{78870C97-6AB6-47B5-A1BF-4A3011120AAC}.Release|x86.Build.0 = Release|Win32
		{2B20C431-317E-4F97-A4D6-7915FD53AF79}.Debug|x64.ActiveCfg = Debug|x64
		{2B20C431-317E-4F97-A4D6-7915FD53AF79}.Debug|x64.Build.0 = Debug|x64
		{2B20C431-317E-4F97-A4D6-7915FD53AF79}.Debug|x86.ActiveCfg = Debug|Win32
		{2B20C431-317E-4F97-A4D6-7915FD53AF79}.Debug|x86.Build.0 = Debug|Win32
		{2B20C431-317E-4F97-A4D6-7915FD53AF79}.Release|x64.ActiveCfg = Release|x64
		{2B20C431-317E-4F97-A4D6-7915FD53AF79}.Release|x64.Build.0 = Release|x64
		{2B20C431-317E-4F97-A4D6-7915FD53AF79}.Release|x86.ActiveCfg = Release|Win32
		{2B20C431-317E-4F97-A4D6-7915FD53AF79}.Release|x86.Build.0 = Release|Win32
		{E25FCDD6-D891-4D93-91BE-07DA1C789CE5}.Debug|x64.ActiveCfg = Debug|x64
		{E25FCDD6-D891-4D93-91BE-07DA1C789CE5}.Debug|x64.Build.0 = Debug|x64
		{E25FCDD6-D891-4D93-91BE-07DA1C789CE5}.Debug|x86.ActiveCfg = Debug|Win32
		{E25FCDD6-D891-4D93-91BE-07DA1C789CE5}.Debug|x86.Build.0 = Debug|Win32
		{E25FCDD6-D891-4D93-91BE-07DA1C789CE5}.Release|x64.ActiveCfg = Release|x64
		{E25FCDD6-D891-4D93-91BE-07DA1C789CE5}.Release|x64.Build.0 = Release|x64
		{E25FCDD6-D891-4D93-91BE-07DA1C789CE5}.Release|x86.ActiveCfg = Release|Win32
		{E25FCDD6-D891-4D93-91BE-07DA1C789CE5}.Release|x86.Build.0 = Release|Win32
		{A87831F8-E954-49C5-89A6-F0DD0F29C39C}.Debug|x64.ActiveCfg = Debug|x64
		{A87831F8-E954-49C5-89A6-F0DD0F29C39C}.Debug|x64.Build.0 = Debug|x64
		{A87831F8-E954-49C5-89A6-F0DD0F29C39C}.Debug|x86.ActiveCfg = Debug|Win32
		{A87831F8-E954-49C5-89A6-F0DD0F29C39C}.Debug|x86.Build.0 = Debug|Win32
		{A87831F8-E954-49C5-89A6-F0DD0F29C39C}.Release|x64.ActiveCfg = Release|x64
		{A87831F8-E954-49C5-89A6-F0DD0F29C39C}.Release|x64.Build.0 = Release|x64
		{A87831F8-E954-49C5-89A6-F0DD0F29C39C}.Release|x86.ActiveCfg = Release|Win32
		{A87831F8-E954-49C5-89A6-F0DD0F29C39C}.Release|x86.Build.0 = Release|Win32
		{FE1DE31F-1737-42C8-A249-F80491CCF533}.Debug|x64.ActiveCfg = Debug|x64
		{FE1DE31F-1737-42C8-A249-F80491CCF533}.Debug|x64.Build.0 = Debug|x64
		{FE1DE31F-1737-42C8-A249-F80491CCF533}.Debug|x86.ActiveCfg = Debug|Win32
		{FE1DE31F-1737-42C8-A249-F80491CCF533}.Debug|x86.Build.0 = Debug|Win32
		{FE1DE31F-1737-42C8-A249-F80491CCF533}.Release|x64.ActiveCfg = Release|x64
		{FE1DE31F-1737-42C8-A249-F80491CCF533}.Release|x64.Build.0 = Release|x64
		{FE1DE31F-1737-42C8-A249-F80491CCF533}.Release|x86.ActiveCfg = Release|Win32
		{FE1DE31F-1737-42C8-A249-F80491CCF533}.Release|x86.Build.0 = Release|Win32
		{C65C6D27-3AAA-4DBD-93F1-4AC2FCDEB46B}.Debug|x64.ActiveCfg = Debug|x64
		{C65C6D27-3AAA-4DBD-93F1-4AC2FCDEB46B}.Debug|x64.Build.0 = Debug|x64
		{C65C6D27-3AAA-4DBD-93F1-4AC2FCDEB46B}.Debug|x86.ActiveCfg = Debug|Win32
		{C65C6D27-3AAA-4DBD-93F1-4AC2FCDEB46B}.Debug|x86.Build.0 = Debug|Win32
		{C65C6D27-3AAA-4DBD-93F1-4AC2FCDEB46B}.Release|x64.ActiveCfg = Release|x64
		{C65C6D27-3AAA-4DBD-93F1-4AC2FCDEB46B}.Release|x64.Build.0 = Release|x64
		{C65C6D27-3AAA-4DBD-93F1-4AC2FCDEB46B}.Release|x86.ActiveCfg = Release|Win32
		{C65C6D27-3AAA-4DBD-93F1-4AC2FCDEB46B}.Release|x86.Build.0 = Release|Win32
		{A704CE41-60BA-4834-933C-073F13F860D8}.Debug|x64.ActiveCfg = Debug|x64
		{A704CE41-60BA-4834-933C-073F13F860D8}.Debug|x64.Build.0 = Debug|x64
		{A704CE41-60BA-4834-933C-073F13F860D8}.Debug|x86.ActiveCfg = Debug|Win32
		{A704CE41-60BA-4834-933C-073F13F860D8}.Debug|x86.Build.0 = Debug|Win32
		{A704CE41-60BA-4834-933C-073F13F860D8}.Release|x64.ActiveCfg = Release|x64
		{A704CE41-60BA-4834-933C-073F13F860D8}.Release|x64.Build.0 = Release|x64
		{A704CE41-60BA-4834-933C-073F13F860D8}.Release|x86.ActiveCfg = Release|Win32
		{A704CE41-60BA-4834-933C-073F13F860D8}.Release|x86.Build.0 = Release|Win32
		{B86FFA1A-1ED7-44A8-A551-831B73CE6249}.Debug|x64.ActiveCfg = Debug|x64
		{B86FFA1A-1ED7-44A8-A551-831B73CE6249}.Debug|x64.Build.0 = Debug|x64
		{B86FFA1A-1ED7-44A8-A551-831B73CE6249}.Debug|x86.ActiveCfg = Debug|Win32
		{B86FFA1A-1ED7-44A8-A551-831B73CE6249}.Debug|x86.Build.0 = Debug|Win32
		{B86FFA1A-1ED7-44A8-A551-831B73CE6249}.Release|x64.ActiveCfg = Release|x64
		{B86FFA1A-1ED7-44A8-A551-831B73CE6249}.Release|x64.Build.0 = Release|x64
		{B86FFA1A-1ED7-44A8-A551-831B73CE6249}.Release|x86.ActiveCfg = Release|Win32
		{B86FFA1A-1ED7-44A8-A551-831B73CE6249}.Release|x86.Build.0 = Release|Win32
		{2CE4B3FC-3E77-414E-9E38-1105B587F3E8}.Debug|x64.ActiveCfg = Debug|x64
		{2CE4B3FC-3E77-414E-9E38-1105B587F3E8}.Debug|x64.Build.0 = Debug|x64
		{2CE4B3FC-3E77-414E-9E38-1105B587F3E8}.Debug|x86.ActiveCfg = Debug|Win32
		{2CE4B3FC-3E77-414E-9E38-1105B587F3E8}.Debug|x86.Build.0 = Debug|Win32
		{2CE4B3FC-3E77-414E-9E38-1105B587F3E8}.Release|x64.ActiveCfg = Release|x64
		{2CE4B3FC-3E77-414E-9E38-1105B587F3E8}.Release|x64.Build.0 = Release|x64
		{2CE4B3FC-3E77-414E-9E38-1105B587F3E8}.Release|x86.ActiveCfg = Release|Win32
		{2CE4B3FC-3E77-414E-9E38-1105B587F3E8}.Release|x86.Build.0 = Release|Win32
		{847C8CB2-6219-4487-83A7-74FC05880EF7}.Debug|x64.ActiveCfg = Debug|x64
		{847C8CB2-6219-4487-83A7-74FC05880EF7}.Debug|x64.Build.0 = Debug|x64
		{847C8CB2-6219-4487-83A7-74FC05880EF7}.Debug|x86.ActiveCfg = Debug|Win32
		{847C8CB2-6219-4487-83A7-74FC05880EF7}.Debug|x86.Build.0 = Debug|Win32
		{847C8CB2-6219-4487-83A7-74FC05880EF7}.Release|x64.ActiveCfg = Release|x64
		{847C8CB2-6219-4487-83A7-74FC05880EF7}.Release|x64.Build.0 = Release|x64
		{847C8CB2-6219-4487-83A7-74FC05880EF7}.Release|x86.ActiveCfg = Release|Win32
		{847C8CB2-6219-4487-83A7-74FC05880EF7}.Release|x86.Build.0 = Release|Win32
		{75E4DA0F-4612-4905-BEC7-47241248616D}.Debug|x64.ActiveCfg = Debug|x64
		{75E4DA0F-4612-4905-BEC7-47241248616D}.Debug|x64.Build.0 = Debug|x64
		{75E4DA0F-4612-4905-BEC7-47241248616D}.Debug|x86.ActiveCfg = Debug|Win32
		{75E4DA0F-4612-4905-BEC7-47241248616D}.Debug|x86.Build.0 = Debug|Win32
		{75E4DA0F-4612-4905-BEC7-47241248616D}.Release|x64.ActiveCfg = Release|x64
		{75E4DA0F-4612-4905-BEC7-47241248616D}.Release|x64.Build.0 = Release|x64
		{75E4DA0F-4612-4905-BEC7-47241248616D}.Release|x86.ActiveCfg = Release|Win32
		{75E4DA0F-4612-4905-BEC7-47241248616D}.Release|x86.Build.0 = Release|Win32
		{A12AFCAD-73D4-4A1D-9352-5E1C81486FE9}.Debug|x64.ActiveCfg = Debug|x64
		{A12AFCAD-73D4-4A1D-9352-5E1C81486FE9}.Debug|x64.Build.0 = Debug|x64
		{A12AFCAD-73D4-4A1D-9352-5E1C81486FE9}.Debug|x86.ActiveCfg = Debug|Win32
		{A12AFCAD-73D4-4A1D-9352-5E1C81486FE9}.Debug|x86.Build.0 = Debug|Win32
		{A12AFCAD-73D4-4A1D-9352-5E1C81486FE9}.Release|x64.ActiveCfg = Release|x64
		{A12AFCAD-73D4-4A1D-9352-5E1C81486FE9}.Release|x64.Build.0 = Release|x64
		{A12AFCAD-73D4-4A1D-9352-5E1C81486FE9}.Release|x86.ActiveCfg = Release|Win32
		{A12AFCAD-73D4-4A1D-9352-5E1C81486FE9}.Release|x86.Build.0 = Release|Win32
		{9193DDF3-F701-4D60-A59D-1008D184C1B8}.Debug|x64.ActiveCfg = Debug|x64
		{9193DDF3-F701-4D60-A59D-1008D184C1B8}.Debug|x64.Build.0 = Debug|x64
		{9193DDF3-F701-4D60-A59D-1008D184C1B8}.Debug|x86.ActiveCfg = Debug|Win32
		{9193DDF3-F701-4D60-A59D-1008D184C1B8}.Debug|x86.Build.0 = Debug|Win32
		{9193DDF3-F701-4D60-A59D-1008D184C1B8}.Release|x64.ActiveCfg = Release|x64
		{9193DDF3-F701-4D60-A59D-1008D184C1B8}.Release|x64.Build.0 = Release|x64
		{9193DDF3-F701-4D60-A59D-1008D184C1B8}.Release|x86.ActiveCfg = Release|Win32
		{9193DDF3-F701-4D60-A59D-1008D184C1B8}.Release|x86.Build.0 = Release|Win32
		{75A6A480-8757-4B1E-8295-5D4FAFD76BE1}.Debug|x64.ActiveCfg = Debug|x64
		{75A6A480-8757-4B1E-8295-5D4FAFD76BE1}.Debug|x64.Build.0 = Debug|x64
		{75A6A480-8757-4B1E-8295-5D4FAFD76BE1}.Debug|x86.ActiveCfg = Debug|Win32
		{75A6A480-8757-4B1E-8295-5D4FAFD76BE1}.Debug|x86.Build.0 = Debug|Win32
		{75A6A480-8757-4B1E-8295-5D4FAFD76BE1}.Release|x64.ActiveCfg = Release|x64
		{75A6A480-8757-4B1E-8295-5D4FAFD76BE1}.Release|x64.Build.0 = Release|x64
		{75A6A480-8757-4B1E-8295-5D4FAFD76BE1}.Release|x86.ActiveCfg = Release|Win32
		{75A6A480-8757-4B1E-8295-5D4FAFD76BE1}.Release|x86.Build.0 = Release|Win32
		{8AC46EA6-2A63-4C39-8653-C968A22608A8}.Debug|x64.ActiveCfg = Debug|x64
		{8AC46EA6-2A63-4C39-8653-C968A22608A8}.Debug|x64.Build.0 = Debug|x64
		{8AC46EA6-2A63-4C39-8653-C968A22608A8}.Debug|x86.ActiveCfg = Debug|Win32
		{8AC46EA6-2A63-4C39-8653-C968A22608A8}.Debug|x86.Build.0 = Debug|Win32
		{8AC46EA6-2A63-4C39-8653-C968A22608A8}.Release|x64.ActiveCfg = Release|x64
		{8AC46EA6-2A63-4C39-8653-C968A22608A8}.Release|x64.Build.0 = Release|x64
		{8AC46EA6-2A63-4C39-8653-C968A22608A8}.Release|x86.ActiveCfg = Release|Win32
		{8AC46EA6-2A63-4C39-8653-C968A22608A8}.Release|x86.Build.0 = Release|Win32
		{39386A69-96A3-408F-A504-4921C636F3FB}.Debug|x64.ActiveCfg = Debug|x64
		{39386A69-96A3-408F-A504-4921C636F3FB}.Debug|x64.Build.0 = Debug|x64
		{39386A69-96A3-408F-A504-4921C636F3FB}.Debug|x86.ActiveCfg = Debug|Win32
		{39386A69-96A3-408F-A504-4921C636F3FB}.Debug|x86.Build.0 = Debug|Win32
		{39386A69-96A3-408F-A504-4921C636F3FB}.Release|x64.ActiveCfg = Release|x64
		{39386A69-96A3-408F-A504-4921C636F3FB}.Release|x64.Build.0 = Release|x64
		{39386A69-96A3-408F-A504-4921C636F3FB}.Release|x86.ActiveCfg = Release|Win32
		{39386A69-96A3-408F-A504-4921C636F3FB}.Release|x86.Build.0 = Release|Win32
		{AE459826-6341-407D-9DD0-A0C7C6641884}.Debug|x64.ActiveCfg = Debug|x64
		{AE459826-6341-407D-9DD0-A0C7C6641884}.Debug|x64.Build.0 = Debug|x64
		{AE459826-6341-407D-9DD0-A0C7C6641884}.Debug|x86.ActiveCfg = Debug|Win32
		{AE459826-6341-407D-9DD0-A0C7C6641884}.Debug|x86.Build.0 = Debug|Win32
		{AE459826-6341-407D-9DD0-A0C7C6641884}.Release|x64.ActiveCfg = Release|x64
		{AE459826-6341-407D-9DD0-A0C7C6641884}.Release|x64.Build.0 = Release|x64
		{AE459826-6341-407D-9DD0-A0C7C6641884}.Release|x86.ActiveCfg = Release|Win32
		{AE459826-6341-407D-9DD0-A0C7C6641884}.Release|x86.Build.0 = Release|Win32
		{5F7F723E-F8B7-4F68-AD1E-DF8C2100DE89}.Debug|x64.ActiveCfg = Debug|x64
		{5F7F723E-F8B7-4F68-AD1E-DF8C2100DE89}.Debug|x64.Build.0 = Debug|x64
		{5F7F723E-F8B7-4F68-AD1E-DF8C2100DE89}.Debug|x86.ActiveCfg = Debug|Win32
		{5F7F723E-F8B7-4F68-AD1E-DF8C2100DE89}.Debug|x86.Build.0 = Debug|Win32
		{5F7F723E-F8B7-4F68-AD1E-DF8C2100DE89}.Release|x64.ActiveCfg = Release|x64
		{5F7F723E-F8B7-4F68-AD1E-DF8C2100DE89}.Release|x64.Build.0 = Release|x64
		{5F7F723E-F8B7-4F68-AD1E-DF8C2100DE89}.Release|x86.ActiveCfg = Release|Win32
		{5F7F723E-F8B7-4F68-AD1E-DF8C2100DE89}.Release|x86.Build.0 = Release|Win32
		{FE2C7B75-5E43-4733-9426-8CAC88F7B3C5}.Debug|x64.ActiveCfg = Debug|x64
		{FE2C7B75-5E43-4733-9426-8CAC88F7B3C5}.Debug|x64.Build.0 = Debug|x64
		{FE2C7B75-5E43-4733-9426-8CAC88F7B3C5}.Debug|x86.ActiveCfg = Debug|Win32
		{FE2C7B75-5E43-4733-9426-8CAC88F7B3C5}.Debug|x86.Build.0 = Debug|Win32
		{FE2C7B75-5E43-4733-9426-8CAC88F7B3C5}.Release|x64.ActiveCfg = Release|x64
		{FE2C7B75-5E43-4733-9426-8CAC88F7B3C5}.Release|x64.Build.0 = Release|x64
		{FE2C7B75-5E43-4733-9426-8CAC88F7B3C5}.Release|x86.ActiveCfg = Release|Win32
		{FE2C7B75-5E43-4733-9426-8CAC88F7B3C5}.Release|x86.Build.0 = Release|Win32
		{9266DB02-F1A6-4420-B158-E96093F6B459}.Debug|x64.ActiveCfg = Debug|x64
		{9266DB02-F1A6-4420-B158-E96093F6B459}.Debug|x64.Build.0 = Debug|x64
		{9266DB02-F1A6-4420-B158-E96093F6B459}.Debug|x86.ActiveCfg = Debug|Win32
		{9266DB02-F1A6-4420-B158-E96093F6B459}.Debug|x86.Build.0 = Debug|Win32
		{9266DB02-F1A6-4420-B158-E96093F6B459}.Release|x64.ActiveCfg = Release|x64
		{9266DB02-F1A6-4420-B158-E96093F6B459}.Release|x64.Build.0 = Release|x64
		{9266DB02-F1A6-4420-B158-E96093F6B459}.Release|x86.ActiveCfg = Release|Win32
		{9266DB02-F1A6-4420-B158-E96093F6B459}.Release|x86.Build.0 = Release|Win32
		{D3B8467C-AAEA-4529-8528-B34A728C1560}.Debug|x64.ActiveCfg = Debug|x64
		{D3B8467C-AAEA-4529-8528-B34A728C1560}.Debug|x64.Build.0 = Debug|x64
		{D3B8467C-AAEA-4529-8528-B34A728C1560}.Debug|x86.ActiveCfg = Debug|Win32
		{D3B8467C-AAEA-4529-8528-B34A728C1560}.Debug|x86.Build.0 = Debug|Win32
		{D3B8467C-AAEA-4529-8528-B34A728C1560}.Release|x64.ActiveCfg = Release|x64
		{D3B8467C-AAEA-4529-8528-B34A728C1560}.Release|x64.Build.0 = Release|x64
		{D3B8467C-AAEA-4529-8528-B34A728C1560}.Release|x86.ActiveCfg = Release|Win32
		{D3B8467C-AAEA-4529-8528-B34A728C1560}.Release|x86.Build.0 = Release|Win32
		{FC62442A-0C1A-4CC1-A121-6F30341C673C}.Debug|x64.ActiveCfg = Debug|x64
		{FC62442A-0C1A-4CC1-A121-6F30341C673C}.Debug|x64.Build.0 = Debug|x64
		{FC62442A-0C1A-4CC1-A121-6F30341C673C}.Debug|x86.ActiveCfg = Debug|Win32
		{FC62442A-0C1A-4CC1-A121-6F30341C673C}.Debug|x86.Build.0 = Debug|Win32
		{FC62442A-0C1A-4CC1-A121-6F30341C673C}.Release|x64.ActiveCfg = Release|x64
		{FC62442A-0C1A-4CC1-A121-6F30341C673C}.Release|x64.Build.0 = Release|x64
		{FC62442A-0C1A-4CC1-A121-6F30341C673C}.Release|x86.ActiveCfg = Release|Win32
		{FC62442A-0C1A-4CC1-A121-6F30341C673C}.Release|x86.Build.0 = Release|Win32
		{84EAE8C9-3693-46C3-8A83-2F1CF624922F}.Debug|x64.ActiveCfg = Debug|x64
		{84EAE8C9-3693-46C3-8A83-2F1CF624922F}.Debug|x64.Build.0 = Debug|x64
		{84EAE8C9-3693-46C3-8A83-2F1CF624922F}.Debug|x86.ActiveCfg = Debug|Win32
		{84EAE8C9-3693-46C3-8A83-2F1CF624922F}.Debug|x86.Build.0 = Debug|Win32
		{84EAE8C9-3693-46C3-8A83-2F1CF624922F}.Release|x64.ActiveCfg = Release|x64
		{84EAE8C9-3693-46C3-8A83-2F1CF624922F}.Release|x64.Build.0 = Release|x64
		{84EAE8C9-3693-46C3-8A83-2F1CF624922F}.Release|x86.ActiveCfg = Release|Win32
		{84EAE8C9-3693-46C3-8A83-2F1CF624922F}.Release|x86.Build.0 = Release|Win32
		{77C25790-F2F4-4D33-B835-2208298AB6D4}.Debug|x64.ActiveCfg = Debug|x64
		{77C25790-F2F4-4D33-B835-2208298AB6D4}.Debug|x64.Build.0 = Debug|x64
		{77C25790-F2F4-4D33-B835-2208298AB6D4}.Debug|x86.ActiveCfg = Debug|Win32
		{77C25790-F2F4-4D33-B835-2208298AB6D4}.Debug|x86.Build.0 = Debug|Win32
		{77C25790-F2F4-4D33-B835-2208298AB6D4}.Release|x64.ActiveCfg = Release|x64
		{77C25790-F2F4-4D33-B835-2208298AB6D4}.Release|x64.Build.0 = Release|x64
		{77C25790-F2F4-4D33-B835-2208298AB6D4}.Release|x86.ActiveCfg = Release|Win32
		{77C25790-F2F4-4D33-B835-2208298AB6D4}.Release|x86.Build.0 = Release|Win32
		{F2B6C54F-3DF6-4C43-8B2B-F63E898B92A0}.Debug|x64.ActiveCfg = Debug|x64
		{F2B6C54F-3DF6-4C43-8B2B-F63E898B92A0}.Debug|x64.Build.0 = Debug|x64
		{F2B6C54F-3DF6-4C43-8B2B-F63E898B92A0}.Debug|x86.ActiveCfg = Debug|Win32
		{F2B6C54F-3DF6-4C43-8B2B-F63E898B92A0}.Debug|x86.Build.0 = Debug|Win32
		{F2B6C54F-3DF6-4C43-8B2B-F63E898B92A0}.Release|x64.ActiveCfg = Release|x64
		{F2B6C54F-3DF6-4C43-8B2B-F63E898B92A0}.Release|x64.Build.0 = Release|x64
		{F2B6C54F-3DF6-4C43-8B2B-F63E898B92A0}.Release|x86.ActiveCfg = Release|Win32
		{F2B6C54F-3DF6-4C43-8B2B-F63E898B92A0}.Release|x86.Build.0 = Release|Win32
		{4C704B5D-CBF1-472F-9E39-1134610A73FE}.Debug|x64.ActiveCfg = Debug|x64
		{4C704B5D-CBF1-472F-9E39-1134610A73FE}.Debug|x64.Build.0 = Debug|x64
		{4C704B5D-CBF1-472F-9E39-1134610A73FE}.Debug|x86.ActiveCfg = Debug|Win32
		{4C704B5D-CBF1-472F-9E39-1134610A73FE}.Debug|x86.Build.0 = Debug|Win32
		{4C704B5D-CBF1-472F-9E39-1134610A73FE}.Release|x64.ActiveCfg = Release|x64
		{4C704B5D-CBF1-472F-9E39-1134610A73FE}.Release|x64.Build.0 = Release|x64
		{4C704B5D-CBF1-472F-9E39-1134610A73FE}.Release|x86.ActiveCfg = Release|Win32
		{4C704B5D-CBF1-472F-9E39-1134610A73FE}.Release|x86.Build.0 = Release|Win32
		{EBB8399A-F993-425E-87EC-916BC19660BE}.Debug|x64.ActiveCfg = Debug|x64
		{EBB8399A-F993-425E-87EC-916BC19660BE}.Debug|x64.Build.0 = Debug|x64
		{EBB8399A-F993-425E-87EC-916BC19660BE}.Debug|x86.ActiveCfg = Debug|Win32
		{EBB8399A-F993-425E-87EC-916BC19660BE}.Debug|x86.Build.0 = Debug|Win32
		{EBB8399A-F993-425E-87EC-916BC19660BE}.Release|x64.ActiveCfg = Release|x64
		{EBB8399A-F993-425E-87EC-916BC19660BE}.Release|x64.Build.0 = Release|x64
		{EBB8399A-F993-425E-87EC-916BC19660BE}.Release|x86.ActiveCfg = Release|Win32
		{EBB8399A-F993-425E-87EC-916BC19660BE}.Release|x86.Build.0 = Release|Win32
		{44F01909-739F-448F-A2B9-1C461618B46C}.Debug|x64.ActiveCfg = Debug|x64
		{44F01909-739F-448F-A2B9-1C461618B46C}.Debug|x64.Build.0 = Debug|x64
		{44F01909-739F-448F-A2B9-1C461618B46C}.Debug|x86.ActiveCfg = Debug|Win32
		{44F01909-739F-448F-A2B9-1C461618B46C}.Debug|x86.Build.0 = Debug|Win32
		{44F01909-739F-448F-A2B9-1C461618B46C}.Release|x64.ActiveCfg = Release|x64
		{44F01909-739F-448F-A2B9-1C461618B46C}.Release|x64.Build.0 = Release|x64
		{44F01909-739F-448F-A2B9-1C461618B46C}.Release|x86.ActiveCfg = Release|Win32
		{44F01909-739F-448F-A2B9-1C461618B46C}.Release|x86.Build.0 = Release|Win32
		{A6148FD7-B8F3-4DD5-9A58-0918EEB307AB}.Debug|x64.ActiveCfg = Debug|x64
		{A6148FD7-B8F3-4DD5-9A58-0918EEB307AB}.Debug|x64.Build.0 = Debug|x64
		{A6148FD7-B8F3-4DD5-9A58-0918EEB307AB}.Debug|x86.ActiveCfg = Debug|Win32
		{A6148FD7-B8F3-4DD5-9A58-0918EEB307AB}.Debug|x86.Build.0 = Debug|Win32
		{A6148FD7-B8F3-4DD5-9A58-0918EEB307AB}.Release|x64.ActiveCfg = Release|x64
		{A6148FD7-B8F3-4DD5-9A58-0918EEB307AB}.Release|x64.Build.0 = Release|x64
		{A6148FD7-B8F3-4DD5-9A58-0918EEB307AB}.Release|x86.ActiveCfg = Release|Win32
		{A6148FD7-B8F3-4DD5-9A58-0918EEB307AB}.Release|x86.Build.0 = Release|Win32
		{92C3B8E0-DF68-4378-B9B3-05746C769B65}.Debug|x64.ActiveCfg = Debug|x64
		{92C3B8E0-DF68-4378-B9B3-05746C769B65}.Debug|x64.Build.0 = Debug|x64
		{92C3B8E0-DF68-4378-B9B3-05746C769B65}.Debug|x86.ActiveCfg = Debug|Win32
		{92C3B8E0-DF68-4378-B9B3-05746C769B65}.Debug|x86.Build.0 = Debug|Win32
		{92C3B8E0-DF68-4378-B9B3-05746C769B65}.Release|x64.ActiveCfg = Release|x64
		{92C3B8E0-DF68-4378-B9B3-05746C769B65}.Release|x64.Build.0 = Release|x64
		{92C3B8E0-DF68-4378-B9B3-05746C769B65}.Release|x86.ActiveCfg = Release|Win32
		{92C3B8E0-DF68-4378-B9B3-05746C769B65}.Release|x86.Build.0 = Release|Win32
		{BAA75843-9588-4B85-9D71-707BB7C7FCE3}.Debug|x64.ActiveCfg = Debug|x64
		{BAA75843-9588-4B85-9D71-707BB7C7FCE3}.Debug|x64.Build.0 = Debug|x64
		{BAA75843-9588-4B85-9D71-707BB7C7FCE3}.Debug|x86.ActiveCfg = Debug|Win32
		{BAA75843-9588-4B85-9D71-707BB7C7FCE3}.Debug|x86.Build.0 = Debug|Win32
		{BAA75843-9588-4B85-9D71-707BB7C7FCE3}.Release|x64.ActiveCfg = Release|x64
		{BAA75843-9588-4B85-9D71-707BB7C7FCE3}.Release|x64.Build.0 = Release|x64
		{BAA75843-9588-4B85-9D71-707BB7C7FCE3}.Release|x86.ActiveCfg = Release|Win32
		{BAA75843-9588-4B85-9D71-707BB7C7FCE3}.Release|x86.Build.0 = Release|Win32
		{1F8513AD-5011-4EBF-9D88-DE30554C876B}.Debug|x64.ActiveCfg = Debug|x64
		{1F8513AD-5011-4EBF-9D88-DE30554C876B}.Debug|x64.Build.0 = Debug|x64
		{1F8513AD-5011-4EBF-9D88-DE30554C876B}.Debug|x86.ActiveCfg = Debug|Win32
		{1F8513AD-5011-4EBF-9D88-DE30554C876B}.Debug|x86.Build.0 = Debug|Win32
		{1F8513AD-5011-4EBF-9D88-DE30554C876B}.Release|x64.ActiveCfg = Release|x64
		{1F8513AD-5011-4EBF-9D88-DE30554C876B}.Release|x64.Build.0 = Release|x64
		{1F8513AD-5011-4EBF-9D88-DE30554C876B}.Release|x86.ActiveCfg = Release|Win32
		{1F8513AD-5011-4EBF-9D88-DE30554C876B}.Release|x86.Build.0 = Release|Win32
		{D433F55A-8AE5-46F4-8F53-158AF6DA3ABC}.Debug|x64.ActiveCfg = Debug|x64
		{D433F55A-8AE5-46F4-8F53-158AF6DA3ABC}.Debug|x64.Build.0 = Debug|x64
		{D433F55A-8AE5-46F4-8F53-158AF6DA3ABC}.Debug|x86.ActiveCfg = Debug|Win32
		{D433F55A-8AE5-46F4-8F53-158AF6DA3ABC}.Debug|x86.Build.0 = Debug|Win32
		{D433F55A-8AE5-46F4-8F53-158AF6DA3ABC}.Release|x64.ActiveCfg = Release|x64
		{D433F55A-8AE5-46F4-8F53-158AF6DA3ABC}.Release|x64.Build.0 = Release|x64
		{D433F55A-8AE5-46F4-8F53-158AF6DA3ABC}.Release|x86.ActiveCfg = Release|Win32
		{D433F55A-8AE5-46F4-8F53-158AF6DA3ABC}.Release|x86.Build.0 = Release|Win32
		{628C2F2E-9D2F-4499-B441-3D0D9123136C}.Debug|x64.ActiveCfg = Debug|x64
		{628C2F2E-9D2F-4499-B441-3D0D9123136C}.Debug|x64.Build.0 = Debug|x64
		{628C2F2E-9D2F-4499-B441-3D0D9123136C}.Debug|x86.ActiveCfg = Debug|Win32
		{628C2F2E-9D2F-4499-B441-3D0D9123136C}.Debug|x86.Build.0 = Debug|Win32
		{628C2F2E-9D2F-4499-B441-3D0D9123136C}.Release|x64.ActiveCfg = Release|x64
		{628C2F2E-9D2F-4499-B441-3D0D9123136C}.Release|x64.Build.0 = Release|x64
		{628C2F2E-9D2F-4499-B441-3D0D9123136C}.Release|x86.ActiveCfg = Release|Win32
		{628C2F2E-9D2F-4499-B441-3D0D9123136C}.Release|x86.Build.0 = Release|Win32
		{DEE8DCB8-152D-4510-B75C-9C3BC240ADCD}.Debug|x64.ActiveCfg = Debug|x64
		{DEE8DCB8-152D-4510-B75C-9C3BC240ADCD}.Debug|x64.Build.0 = Debug|x64
		{DEE8DCB8-152D-4510-B75C-9C3BC240ADCD}.Debug|x86.ActiveCfg = Debug|Win32
		{DEE8DCB8-152D-4510-B75C-9C3BC240ADCD}.Debug|x86.Build.0 = Debug|Win32
		{DEE8DCB8-152D-4510-B75C-9C3BC240ADCD}.Release|x64.ActiveCfg = Release|x64
		{DEE8DCB8-152D-4510-B75C-9C3BC240ADCD}.Release|x64.Build.0 = Release|x64
		{DEE8DCB8-152D-4510-B75C-9C3BC240ADCD}.Release|x86.ActiveCfg = Release|Win32
		{DEE8DCB8-152D-4510-B75C-9C3BC240ADCD}.Release|x86.Build.0 = Release|Win32
		{14E42CB3-9D2E-4805-B723-9C0831D0E658}.Debug|x64.ActiveCfg = Debug|x64
		{14E42CB3-9D2E-4805-B723-9C0831D0E658}.Debug|x64.Build.0 = Debug|x64
		{14E42CB3-9D2E-4805-B723-9C0831D0E658}.Debug|x86.ActiveCfg = Debug|Win32
		{14E42CB3-9D2E-4805-B723-9C0831D0E658}.Debug|x86.Build.0 = Debug|Win32
		{14E42CB3-9D2E-4805-B723-9C0831D0E658}.Release|x64.ActiveCfg = Release|x64
		{14E42CB3-9D2E-4805-B723-9C0831D0E658}.Release|x64.Build.0 = Release|x64
		{14E42CB3-9D2E-4805-B723-9C0831D0E658}.Release|x86.ActiveCfg = Release|Win32
		{14E42CB3-9D2E-4805-B723-9C0831D0E658}.Release|x86.Build.0 = Release|Win32
		{1799905E-D029-49FA-A3CC-9A70A2AAE705}.Debug|x64.ActiveCfg = Debug|x64
		{1799905E-D029-49FA-A3CC-9A70A2AAE705}.Debug|x64.Build.0 = Debug|x64
		{1799905E-D029-49FA-A3CC-9A70A2AAE705}.Debug|x86.ActiveCfg = Debug|Win32
		{1799905E-D029-49FA-A3CC-9A70A2AAE705}.Debug|x86.Build.0 = Debug|Win32
		{1799905E-D029-49FA-A3CC-9A70A2AAE705}.Release|x64.ActiveCfg = Release|x64
		{1799905E-D029-49FA-A3CC-9A70A2AAE705}.Release|x64.Build.0 = Release|x64
		{1799905E-D029-49FA-A3CC-9A70A2AAE705}.Release|x86.ActiveCfg = Release|Win32
		{1799905E-D029-49FA-A3CC-9A70A2AAE705}.Release|x86.Build.0 = Release|Win32
		{C2948AD0-E4D5-4DAC-98F1-15A4ABB702BC}.Debug|x64.ActiveCfg = Debug|x64
		{C2948AD0-E4D5-4DAC-98F1-15A4ABB702BC}.Debug|x64.Build.0 = Debug|x64
		{C2948AD0-E4D5-4DAC-98F1-15A4ABB702BC}.Debug|x86.ActiveCfg = Debug|Win32
		{C2948AD0-E4D5-4DAC-98F1-15A4ABB702BC}.Debug|x86.Build.0 = Debug|Win32
		{C2948AD0-E4D5-4DAC-98F1-15A4ABB702BC}.Release|x64.ActiveCfg = Release|x64
		{C2948AD0-E4D5-4DAC-98F1-15A4ABB702BC}.Release|x64.Build.0 = Release|x64
		{C2948AD0-E4D5-4DAC-98F1-15A4ABB702BC}.Release|x86.ActiveCfg = Release|Win32
		{C2948AD0-E4D5-4DAC-98F1-15A4ABB702BC}.Release|x86.Build.0 = Release|Win32
		{B299CC44-77FB-4BA5-B97B-FE99DD80EE3D}.Debug|x64.ActiveCfg = Debug|x64
		{B299CC44-77FB-4BA5-B97B-FE99DD80EE3D}.Debug|x64.Build.0 = Debug|x64
		{B299CC44-77FB-4BA5-B97B-FE99DD80EE3D}.Debug|x86.ActiveCfg = Debug|Win32
		{B299CC44-77FB-4BA5-B97B-FE99DD80EE3D}.Debug|x86.Build.0 = Debug|Win32
		{B299CC44-77FB-4BA5-B97B-FE99DD80EE3D}.Release|x64.ActiveCfg = Release|x64
		{B299CC44-77FB-4BA5-B97B-FE99DD80EE3D}.Release|x64.Build.0 = Release|x64
		{B299CC44-77FB-4BA5-B97B-FE99DD80EE3D}.Release|x86.ActiveCfg = Release|Win32
		{B299CC44-77FB-4BA5-B97B-FE99DD80EE3D}.Release|x86.Build.0 = Release|Win32
		{1579FA80-9DA0-4567-A1CF-14E5E2033BF5}.Debug|x64.ActiveCfg = Debug|x64
		{1579FA80-9DA0-4567-A1CF-14E5E2033BF5}.Debug|x64.Build.0 = Debug|x64
		{1579FA80-9DA0-4567-A1CF-14E5E2033BF5}.Debug|x86.ActiveCfg = Debug|Win32
		{1579FA80-9DA0-4567-A1CF-14E5E2033BF5}.Debug|x86.Build.0 = Debug|Win32
		{1579FA80-9DA0-4567-A1CF-14E5E2033BF5}.Release|x64.ActiveCfg = Release|x64
		{1579FA80-9DA0-4567-A1CF-14E5E2033BF5}.Release|x64.Build.0 = Release|x64
		{1579FA80-9DA0-4567-A1CF-14E5E2033BF5}.Release|x86.ActiveCfg = Release|Win32
		{1579FA80-9DA0-4567-A1CF-14E5E2033BF5}.Release|x86.Build.0 = Release|Win32
		{A7BA4229-0833-4C9B-9E96-D8817D88CA7A}.Debug|x64.ActiveCfg = Debug|x64
		{A7BA4229-0833-4C9B-9E96-D8817D88CA7A}.Debug|x64.Build.0 = Debug|x64
		{A7BA4229-0833-4C9B-9E96-D8817D88CA7A}.Debug|x86.ActiveCfg = Debug|Win32
		{A7BA4229-0833-4C9B-9E96-D8817D88CA7A}.Debug|x86.Build.0 = Debug|Win32
		{A7BA4229-0833-4C9B-9E96-D8817D88CA7A}.Release|x64.ActiveCfg = Release|x64
		{A7BA4229-0833-4C9B-9E96-D8817D88CA7A}.Release|x64.Build.0 = Release|x64
		{A7BA4229-0833-4C9B-9E96-D8817D88CA7A}.Release|x86.ActiveCfg = Release|Win32
		{A7BA4229-0833-4C9B-9E96-D8817D88CA7A}.Release|x86.Build.0 = Release|Win32
		{AA2BE9B1-5E0C-44FA-BD32-EE499671F446}.Debug|x64.ActiveCfg = Debug|x64
		{AA2BE9B1-5E0C-44FA-BD32-EE499671F446}.Debug|x64.Build.0 = Debug|x64
		{AA2BE9B1-5E0C-44FA-BD32-EE499671F446}.Debug|x86.ActiveCfg = Debug|Win32
		{AA2BE9B1-5E0C-44FA-BD32-EE499671F446}.Debug|x86.Build.0 = Debug|Win32
		{AA2BE9B1-5E0C-44FA-BD32-EE499671F446}.Release|x64.ActiveCfg = Release|x64
		{AA2BE9B1-5E0C-44FA-BD32-EE499671F446}.Release|x64.Build.0 = Release|x64
		{AA2BE9B1-5E0C-44FA-BD32-EE499671F446}.Release|x86.ActiveCfg = Release|Win32
		{AA2BE9B1-5E0C-44FA-BD32-EE499671F446}.Release|x86.Build.0 = Release|Win32
		{FE134AEC-7121-49E2-B247-5595B1B4539E}.Debug|x64.ActiveCfg = Debug|x64
		{FE134AEC-7121-49E2-B247-5595B1B4539E}.Debug|x64.Build.0 = Debug|x64
		{FE134AEC-7121-49E2-B247-5595B1B4539E}.Debug|x86.ActiveCfg = Debug|Win32
		{FE134AEC-7121-49E2-B247-5595B1B4539E}.Debug|x86.Build.0 = Debug|Win32
		{FE134AEC-7121-49E2-B247-5595B1B4539E}.Release|x64.ActiveCfg = Release|x64
		{FE134AEC-7121-49E2-B247-5595B1B4539E}.Release|x64.Build.0 = Release|x64
		{FE134AEC-7121-49E2-B247-5595B1B4539E}.Release|x86.ActiveCfg = Release|Win32
		{FE134AEC-7121-49E2-B247-5595B1B4539E}.Release|x86.Build.0 = Release|Win32
		{56BFE407-E9CA-47C5-87CA-D3BF0FC4AE71}.Debug|x64.ActiveCfg = Debug|x64
		{56BFE407-E9CA-47C5-87CA-D3BF0FC4AE71}.Debug|x64.Build.0 = Debug|x64
		{56BFE407-E9CA-47C5-87CA-D3BF0FC4AE71}.Debug|x86.ActiveCfg = Debug|Win32
		{56BFE407-E9CA-47C5-87CA-D3BF0FC4AE71}.Debug|x86.Build.0 = Debug|Win32
		{56BFE407-E9CA-47C5-87CA-D3BF0FC4AE71}.Release|x64.ActiveCfg = Release|x64
		{56BFE407-E9CA-47C5-87CA-D3BF0FC4AE71}.Release|x64.Build.0 = Release|x64
		{56BFE407-E9CA-47C5-87CA-D3BF0FC4AE71}.Release|x86.ActiveCfg = Release|Win32
		{56BFE407-E9CA-47C5-87CA-D3BF0FC4AE71}.Release|x86.Build.0 = Release|Win32
		{FCC1916B-A855-4DDB-B2D5-8B24E4CA564B}.Debug|x64.ActiveCfg = Debug|x64
		{FCC1916B-A855-4DDB-B2D5-8B24E4CA564B}.Debug|x64.Build.0 = Debug|x64
		{FCC1916B-A855-4DDB-B2D5-8B24E4CA564B}.Debug|x86.ActiveCfg = Debug|Win32
		{FCC1916B-A855-4DDB-B2D5-8B24E4CA564B}.Debug|x86.Build.0 = Debug|Win32
		{FCC1916B-A855-4DDB-B2D5-8B24E4CA564B}.Release|x64.ActiveCfg = Release|x64
		{FCC1916B-A855-4DDB-B2D5-8B24E4CA564B}.Release|x64.Build.0 = Release|x64
		{FCC1916B-A855-4DDB-B2D5-8B24E4CA564B}.Release|x86.ActiveCfg = Release|Win32
		{FCC1916B-A855-4DDB-B2D5-8B24E4CA564B}.Release|x86.Build.0 = Release|Win32
		{AE963E2E-74C4-48BD-BF42-72B8906D82A6}.Debug|x64.ActiveCfg = Debug|x64
		{AE963E2E-74C4-48BD-BF42-72B8906D82A6}.Debug|x64.Build.0 = Debug|x64
		{AE963E2E-74C4-48BD-BF42-72B8906D82A6}.Debug|x86.ActiveCfg = Debug|Win32
		{AE963E2E-74C4-48BD-BF42-72B8906D82A6}.Debug|x86.Build.0 = Debug|Win32
		{AE963E2E-74C4-48BD-BF42-72B8906D82A6}.Release|x64.ActiveCfg = Release|x64
		{AE963E2E-74C4-48BD-BF42-72B8906D82A6}.Release|x64.Build.0 = Release|x64
		{AE963E2E-74C4-48BD-BF42-72B8906D82A6}.Release|x86.ActiveCfg = Release|Win32
		{AE963E2E-74C4-48BD-BF42-72B8906D82A6}.Release|x86.Build.0 = Release|Win32
		{B27EFAF3-4D13-41C1-87B0-C3A11F86BAEE}.Debug|x64.ActiveCfg = Debug|x64
		{B27EFAF3-4D13-41C1-87B0-C3A11F86BAEE}.Debug|x64.Build.0 = Debug|x64
		{B27EFAF3-4D13-41C1-87B0-C3A11F86BAEE}.Debug|x86.ActiveCfg = Debug|Win32
		{B27EFAF3-4D13-41C1-87B0-C3A11F86BAEE}.Debug|x86.Build.0 = Debug|Win32
		{B27EFAF3-4D13-41C1-87B0-C3A11F86BAEE}.Release|x64.ActiveCfg = Release|x64
		{B27EFAF3-4D13-41C1-87B0-C3A11F86BAEE}.Release|x64.Build.0 = Release|x64
		{B27EFAF3-4D13-41C1-87B0-C3A11F86BAEE}.Release|x86.ActiveCfg = Release|Win32
		{B27EFAF3-4D13-41C1-87B0-C3A11F86BAEE}.Release|x86.Build.0 = Release|Win32
		{7E22F821-53FC-4AF7-9618-3317EE2BB44C}.Debug|x64.ActiveCfg = Debug|x64
		{7E22F821-53FC-4AF7-9618-3317EE2BB44C}.Debug|x64.Build.0 = Debug|x64
		{7E22F821-53FC-4AF7-9618-3317EE2BB44C}.Debug|x86.ActiveCfg = Debug|Win32
		{7E22F821-53FC-4AF7-9618-3317EE2BB44C}.Debug|x86.Build.0 = Debug|Win32
		{7E22F821-53FC-4AF7-9618-3317EE2BB44C}.Release|x64.ActiveCfg = Release|x64
		{7E22F821-53FC-4AF7-9618-3317EE2BB44C}.Release|x64.Build.0 = Release|x64
		{7E22F821-53FC-4AF7-9618-3317EE2BB44C}.Release|x86.ActiveCfg = Release|Win32
		{7E22F821-53FC-4AF7-9618-3317EE2BB44C}.Release|x86.Build.0 = Release|Win32
		{B0A7171B-5094-4477-96F3-FE97EC83FD5E}.Debug|x64.ActiveCfg = Debug|x64
		{B0A7171B-5094-4477-96F3-FE97EC83FD5E}.Debug|x64.Build.0 = Debug|x64
		{B0A7171B-5094-4477-96F3-FE97EC83FD5E}.Debug|x86.ActiveCfg = Debug|Win32
		{B0A7171B-5094-4477-96F3-FE97EC83FD5E}.Debug|x86.Build.0 = Debug|Win32
		{B0A7171B-5094-4477-96F3-FE97EC83FD5E}.Release|x64.ActiveCfg = Release|x64
		{B0A7171B-5094-4477-96F3-FE97EC83FD5E}.Release|x64.Build.0 = Release|x64
		{B0A7171B-5094-4477-96F3-FE97EC83FD5E}.Release|x86.ActiveCfg = Release|Win32
		{B0A7171B-5094-4477-96F3-FE97EC83FD5E}.Release|x86.Build.0 = Release|Win32
		{55D90AB7-BA0A-47C5-8829-B9EB3E476897}.Debug|x64.ActiveCfg = Debug|x64
		{55D90AB7-BA0A-47C5-8829-B9EB3E476897}.Debug|x64.Build.0 = Debug|x64
		{55D90AB7-BA0A-47C5-8829-B9EB3E476897}.Debug|x86.ActiveCfg = Debug|Win32
		{55D90AB7-BA0A-47C5-8829-B9EB3E476897}.Debug|x86.Build.0 = Debug|Win32
		{55D90AB7-BA0A-47C5-8829-B9EB3E476897}.Release|x64.ActiveCfg = Release|x64
		{55D90AB7-BA0A-47C5-8829-B9EB3E476897}.Release|x64.Build.0 = Release|x64
		{55D90AB7-BA0A-47C5-8829-B9EB3E476897}.Release|x86.ActiveCfg = Release|Win32
		{55D90AB7-BA0A-47C5-8829-B9EB3E476897}.Release|x86.Build.0 = Release|Win32
		{2FC7852C-25A8-479F-9742-511DEB97632B}.Debug|x64.ActiveCfg = Debug|x64
		{2FC7852C-25A8-479F-9742-511DEB97632B}.Debug|x64.Build.0 = Debug|x64
		{2FC7852C-25A8-479F-9742-511DEB97632B}.Debug|x86.ActiveCfg = Debug|Win32
		{2FC7852C-25A8-479F-9742-511DEB97632B}.Debug|x86.Build.0 = Debug|Win32
		{2FC7852C-25A8-479F-9742-511DEB97632B}.Release|x64.ActiveCfg = Release|x64
		{2FC7852C-25A8-479F-9742-511DEB97632B}.Release|x64.Build.0 = Release|x64
		{2FC7852C-25A8-479F-9742-511DEB97632B}.Release|x86.ActiveCfg = Release|Win32
		{2FC7852C-25A8-479F-9742-511DEB97632B}.Release|x86.Build.0 = Release|Win32
		{F14901F1-8657-49CA-B3A3-522C49D5201A}.Debug|x64.ActiveCfg = Debug|x64
		{F14901F1-8657-49CA-B3A3-522C49D5201A}.Debug|x64.Build.0 = Debug|x64
		{F14901F1-8657-49CA-B3A3-522C49D5201A}.Debug|x86.ActiveCfg = Debug|Win32
		{F14901F1-8657-49CA-B3A3-522C49D5201A}.Debug|x86.Build.0 = Debug|Win32
		{F14901F1-8657-49CA-B3A3-522C49D5201A}.Release|x64.ActiveCfg = Release|x64
		{F14901F1-8657-49CA-B3A3-522C49D5201A}.Release|x64.Build.0 = Release|x64
		{F14901F1-8657-49CA-B3A3-522C49D5201A}.Release|x86.ActiveCfg = Release|Win32
		{F14901F1-8657-49CA-B3A3-522C49D5201A}.Release|x86.Build.0 = Release|Win32
		{B5B11EF5-36D8-45EB-AF87-154B080EA6B8}.Debug|x64.ActiveCfg = Debug|x64
		{B5B11EF5-36D8-45EB-AF87-154B080EA6B8}.Debug|x64.Build.0 = Debug|x64
		{B5B11EF5-36D8-45EB-AF87-154B080EA6B8}.Debug|x86.ActiveCfg = Debug|Win32
		{B5B11EF5-36D8-45EB-AF87-154B080EA6B8}.Debug|x86.Build.0 = Debug|Win32
		{B5B11EF5-36D8-45EB-AF87-154B080EA6B8}.Release|x64.ActiveCfg = Release|x64
		{B5B11EF5-36D8-45EB-AF87-154B080EA6B8}.Release|x64.Build.0 = Release|x64
		{B5B11EF5-36D8-45EB-AF87-154B080EA6B8}.Release|x86.ActiveCfg = Release|Win32
		{B5B11EF5-36D8-45EB-AF87-154B080EA6B8}.Release|x86.Build.0 = Release|Win32
		{457CC081-2713-4EAD-98FB-3BD629C22455}.Debug|x64.ActiveCfg = Debug|x64
		{457CC081-2713-4EAD-98FB-3BD629C22455}.Debug|x64.Build.0 = Debug|x64
		{457CC081-2713-4EAD-98FB-3BD629C22455}.Debug|x86.ActiveCfg = Debug|Win32
		{457CC081-2713-4EAD-98FB-3BD629C22455}.Debug|x86.Build.0 = Debug|Win32
		{457CC081-2713-4EAD-98FB-3BD629C22455}.Release|x64.ActiveCfg = Release|x64
		{457CC081-2713-4EAD-98FB-3BD629C22455}.Release|x64.Build.0 = Release|x64
		{457CC081-2713-4EAD-98FB-3BD629C22455}.Release|x86.ActiveCfg = Release|Win32
		{457CC081-2713-4EAD-98FB-3BD629C22455}.Release|x86.Build.0 = Release|Win32
		{DC9DCF90-0F27-47FD-8965-8D7FA851BD1D}.Debug|x64.ActiveCfg = Debug|x64
		{DC9DCF90-0F27-47FD-8965-8D7FA851BD1D}.Debug|x64.Build.0 = Debug|x64
		{DC9DCF90-0F27-47FD-8965-8D7FA851BD1D}.Debug|x86.ActiveCfg = Debug|Win32
		{DC9DCF90-0F27-47FD-8965-8D7FA851BD1D}.Debug|x86.Build.0 = Debug|Win32
		{DC9DCF90-0F27-47FD-8965-8D7FA851BD1D}.Release|x64.ActiveCfg = Release|x64
		{DC9DCF90-0F27-47FD-8965-8D7FA851BD1D}.Release|x64.Build.0 = Release|x64
		{DC9DCF90-0F27-47FD-8965-8D7FA851BD1D}.Release|x86.ActiveCfg = Release|Win32
		{DC9DCF90-0F27-47FD-8965-8D7FA851BD1D}.Release|x86.Build.0 = Release|Win32
		{55D29393-CE89-4A04-92CF-DA4071038292}.Debug|x64.ActiveCfg = Debug|x64
		{55D29393-CE89-4A04-92CF-DA4071038292}.Debug|x64.Build.0 = Debug|x64
		{55D29393-CE89-4A04-92CF-DA4071038292}.Debug|x86.ActiveCfg = Debug|Win32
		{55D29393-CE89-4A04-92CF-DA4071038292}.Debug|x86.Build.0 = Debug|Win32
		{55D29393-CE89-4A04-92CF-DA4071038292}.Release|x64.ActiveCfg = Release|x64
		{55D29393-CE89-4A04-92CF-DA4071038292}.Release|x64.Build.0 = Release|x64
		{55D29393-CE89-4A04-92CF-DA4071038292}.Release|x86.ActiveCfg = Release|Win32
		{55D29393-CE89-4A04-92CF-DA4071038292}.Release|x86.Build.0 = Release|Win32
		{C2486058-3084-436C-B768-2CBB5D3F15D7}.Debug|x64.ActiveCfg = Debug|x64
		{C2486058-3084-436C-B768-2CBB5D3F15D7}.Debug|x64.Build.0 = Debug|x64
		{C2486058-3084-436C-B768-2CBB5D3F15D7}.Debug|x86.ActiveCfg = Debug|Win32
		{C2486058-3084-436C-B768-2CBB5D3F15D7}.Debug|x86.Build.0 = Debug|Win32
		{C2486058-3084-436C-B768-2CBB5D3F15D7}.Release|x64.ActiveCfg = Release|x64
		{C2486058-3084-436C-B768-2CBB5D3F15D7}.Release|x64.Build.0 = Release|x64
		{C2486058-3084-436C-B768-2CBB5D3F15D7}.Release|x86.ActiveCfg = Release|Win32
		{C2486058-3084-436C-B768-2CBB5D3F15D7}.Release|x86.Build.0 = Release|Win32
		{0789C0CA-69A9-4E5D-BD4F-78C1253AC8C6}.Debug|x64.ActiveCfg = Debug|x64
		{0789C0CA-69A9-4E5D-BD4F-78C1253AC8C6}.Debug|x64.Build.0 = Debug|x64
		{0789C0CA-69A9-4E5D-BD4F-78C1253AC8C6}.Debug|x86.ActiveCfg = Debug|Win32
		{0789C0CA-69A9-4E5D-BD4F-78C1253AC8C6}.Debug|x86.Build.0 = Debug|Win32
		{0789C0CA-69A9-4E5D-BD4F-78C1253AC8C6}.Release|x64.ActiveCfg = Release|x64
		{0789C0CA-69A9-4E5D-BD4F-78C1253AC8C6}.Release|x64.Build.0 = Release|x64
		{0789C0CA-69A9-4E5D-BD4F-78C1253AC8C6}.Release|x86.ActiveCfg = Release|Win32
		{0789C0CA-69A9-4E5D-BD4F-78C1253AC8C6}.Release|x86.Build.0 = Release|Win32
		{C5E8537B-3663-44EE-BB5D-C53D3F28F2A0}.Debug|x64.ActiveCfg = Debug|x64
		{C5E8537B-3663-44EE-BB5D-C53D3F28F2A0}.Debug|x64.Build.0 = Debug|x64
		{C5E8537B-3663-44EE-BB5D-C53D3F28F2A0}.Debug|x86.ActiveCfg = Debug|Win32
		{C5E8537B-3663-44EE-BB5D-C53D3F28F2A0}.Debug|x86.Build.0 = Debug|Win32
		{C5E8537B-3663-44EE-BB5D-C53D3F28F2A0}.Release|x64.ActiveCfg = Release|x64
		{C5E8537B-3663-44EE-BB5D-C53D3F28F2A0}.Release|x64.Build.0 = Release|x64
		{C5E8537B-3663-44EE-BB5D-C53D3F28F2A0}.Release|x86.ActiveCfg = Release|Win32
		{C5E8537B-3663-44EE-BB5D-C53D3F28F2A0}.Release|x86.Build.0 = Release|Win32
		{A64F8FBC-4E3A-468F-BA6F-17C8694FB029}.Debug|x64.ActiveCfg = Debug|x64
		{A64F8FBC-4E3A-468F-BA6F-17C8694FB029}.Debug|x64.Build.0 = Debug|x64
		{A64F8FBC-4E3A-468F-BA6F-17C8694FB029}.Debug|x86.ActiveCfg = Debug|Win32
		{A64F8FBC-4E3A-468F-BA6F-17C8694FB029}.Debug|x86.Build.0 = Debug|Win32
		{A64F8FBC-4E3A-468F-BA6F-17C8694FB029}.Release|x64.ActiveCfg = Release|x64
		{A64F8FBC-4E3A-468F-BA6F-17C8694FB029}.Release|x64.Build.0 = Release|x64
		{A64F8FBC-4E3A-468F-BA6F-17C8694FB029}.Release|x86.ActiveCfg = Release|Win32
		{A64F8FBC-4E3A-468F-BA6F-17C8694FB029}.Release|x86.Build.0 = Release|Win32
		{8CEB2B8A-F27D-4118-8AAB-6361DE4B2837}.Debug|x64.ActiveCfg = Debug|x64
		{8CEB2B8A-F27D-4118-8AAB-6361DE4B2837}.Debug|x64.Build.0 = Debug|x64
		{8CEB2B8A-F27D-4118-8AAB-6361DE4B2837}.Debug|x86.ActiveCfg = Debug|Win32
		{8CEB2B8A-F27D-4118-8AAB-6361DE4B2837}.Debug|x86.Build.0 = Debug|Win32
		{8CEB2B8A-F27D-4118-8AAB-6361DE4B2837}.Release|x64.ActiveCfg = Release|x64
		{8CEB2B8A-F27D-4118-8AAB-6361DE4B2837}.Release|x64.Build.0 = Release|x64
		{8CEB2B8A-F27D-4118-8AAB-6361DE4B2837}.Release|x86.ActiveCfg = Release|Win32
		{8CEB2B8A-F27D-4118-8AAB-6361DE4B2837}.Release|x86.Build.0 = Release|Win32
		{C01638E6-D843-476A-B715-25888EA3900F}.Debug|x64.ActiveCfg = Debug|x64
		{C01638E6-D843-476A-B715-25888EA3900F}.Debug|x64.Build.0 = Debug|x64
		{C01638E6-D843-476A-B715-25888EA3900F}.Debug|x86.ActiveCfg = Debug|Win32
		{C01638E6-D843-476A-B715-25888EA3900F}.Debug|x86.Build.0 = Debug|Win32
		{C01638E6-D843-476A-B715-25888EA3900F}.Release|x64.ActiveCfg = Release|x64
		{C01638E6-D843-476A-B715-25888EA3900F}.Release|x64.Build.0 = Release|x64
		{C01638E6-D843-476A-B715-25888EA3900F}.Release|x86.ActiveCfg = Release|Win32
		{C01638E6-D843-476A-B715-25888EA3900F}.Release|x86.Build.0 = Release|Win32
		{F462D590-821C-4B50-9A3E-CA38BDF3BA5C}.Debug|x64.ActiveCfg = Debug|x64
		{F462D590-821C-4B50-9A3E-CA38BDF3BA5C}.Debug|x64.Build.0 = Debug|x64
		{F462D590-821C-4B50-9A3E-CA38BDF3BA5C}.Debug|x86.ActiveCfg = Debug|Win32
		{F462D590-821C-4B50-9A3E-CA38BDF3BA5C}.Debug|x86.Build.0 = Debug|Win32
		{F462D590-821C-4B50-9A3E-CA38BDF3BA5C}.Release|x64.ActiveCfg = Release|x64
		{F462D590-821C-4B50-9A3E-CA38BDF3BA5C}.Release|x64.Build.0 = Release|x64
		{F462D590-821C-4B50-9A3E-CA38BDF3BA5C}.Release|x86.ActiveCfg = Release|Win32
		{F462D590-821C-4B50-9A3E-CA38BDF3BA5C}.Release|x86.Build.0 = Release|Win32
		{03FB30F7-AF1C-4151-81FA-AA9BCB8C30B6}.Debug|x64.ActiveCfg = Debug|x64
		{03FB30F7-AF1C-4151-81FA-AA9BCB8C30B6}.Debug|x64.Build.0 = Debug|x64
		{03FB30F7-AF1C-4151-81FA-AA9BCB8C30B6}.Debug|x86.ActiveCfg = Debug|Win32
		{03FB30F7-AF1C-4151-81FA-AA9BCB8C30B6}.Debug|x86.Build.0 = Debug|Win32
		{03FB30F7-AF1C-4151-81FA-AA9BCB8C30B6}.Release|x64.ActiveCfg = Release|x64
		{03FB30F7-AF1C-4151-81FA-AA9BCB8C30B6}.Release|x64.Build.0 = Release|x64
		{03FB30F7-AF1C-4151-81FA-AA9BCB8C30B6}.Release|x86.ActiveCfg = Release|Win32
		{03FB30F7-AF1C-4151-81FA-AA9BCB8C30B6}.Release|x86.Build.0 = Release|Win32
		{8ABBC6E4-8EC1-4138-AF6D-56E260C7A6E2}.Debug|x64.ActiveCfg = Debug|x64
		{8ABBC6E4-8EC1-4138-AF6D-56E260C7A6E2}.Debug|x64.Build.0 = Debug|x64
		{8ABBC6E4-8EC1-4138-AF6D-56E260C7A6E2}.Debug|x86.ActiveCfg = Debug|Win32
		{8ABBC6E4-8EC1-4138-AF6D-56E260C7A6E2}.Debug|x86.Build.0 = Debug|Win32
		{8ABBC6E4-8EC1-4138-AF6D-56E260C7A6E2}.Release|x64.ActiveCfg = Release|x64
		{8ABBC6E4-8EC1-4138-AF6D-56E260C7A6E2}.Release|x64.Build.0 = Release|x64
		{8ABBC6E4-8EC1-4138-AF6D-56E260C7A6E2}.Release|x86.ActiveCfg = Release|Win32
		{8ABBC6E4-8EC1-4138-AF6D-56E260C7A6E2}.Release|x86.Build.0 = Release|Win32
		{876B47B1-5004-49D7-A8BD-66F39DE4939B}.Debug|x64.ActiveCfg = Debug|x64
		{876B47B1-5004-49D7-A8BD-66F39DE4939B}.Debug|x64.Build.0 = Debug|x64
		{876B47B1-5004-49D7-A8BD-66F39DE4939B}.Debug|x86.ActiveCfg = Debug|Win32
		{876B47B1-5004-49D7-A8BD-66F39DE4939B}.Debug|x86.Build.0 = Debug|Win32
		{876B47B1-5004-49D7-A8BD-66F39DE4939B}.Release|x64.ActiveCfg = Release|x64
		{876B47B1-5004-49D7-A8BD-66F39DE4939B}.Release|x64.Build.0 = Release|x64
		{876B47B1-5004-49D7-A8BD-66F39DE4939B}.Release|x86.ActiveCfg = Release|Win32
		{876B47B1-5004-49D7-A8BD-66F39DE4939B}.Release|x86.Build.0 = Release|Win32
		{41C89FFE-A4B1-4903-89A2-BF35C0B4BA2D}.Debug|x64.ActiveCfg = Debug|x64
		{41C89FFE-A4B1-4903-89A2-BF35C0B4BA2D}.Debug|x64.Build.0 = Debug|x64
		{41C89FFE-A4B1-4903-89A2-BF35C0B4BA2D}.Debug|x86.ActiveCfg = Debug|Win32
		{41C89FFE-A4B1-4903-89A2-BF35C0B4BA2D}.Debug|x86.Build.0 = Debug|Win32
		{41C89FFE-A4B1-4903-89A2-BF35C0B4BA2D}.Release|x64.ActiveCfg = Release|x64
		{41C89FFE-A4B1-4903-89A2-BF35C0B4BA2D}.Release|x64.Build.0 = Release|x64
		{41C89FFE-A4B1-4903-89A2-BF35C0B4BA2D}.Release|x86.ActiveCfg = Release|Win32
		{41C89FFE-A4B1-4903-89A2-BF35C0B4BA2D}.Release|x86.Build.0 = Release|Win32
		{68DC4405-C697-445D-B025-AE7151E332A1}.Debug|x64.ActiveCfg = Debug|x64
		{68DC4405-C697-445D-B025-AE7151E332A1}.Debug|x64.Build.0 = Debug|x64
		{68DC4405-C697-445D-B025-AE7151E332A1}.Debug|x86.ActiveCfg = Debug|Win32
		{68DC4405-C697-445D-B025-AE7151E332A1}.Debug|x86.Build.0 = Debug|Win32
		{68DC4405-C697-445D-B025-AE7151E332A1}.Release|x64.ActiveCfg = Release|x64
		{68DC4405-C697-445D-B025-AE7151E332A1}.Release|x64.Build.0 = Release|x64
		{68DC4405-C697-445D-B025-AE7151E332A1}.Release|x86.ActiveCfg = Release|Win32
		{68DC4405-C697-445D-B025-AE7151E332A1}.Release|x86.Build.0 = Release|Win32
		{58EC0BD5-CFED-488C-B84B-465E53108783}.Debug|x64.ActiveCfg = Debug|x64
		{58EC0BD5-CFED-488C-B84B-465E53108783}.Debug|x64.Build.0 = Debug|x64
		{58EC0BD5-CFED-488C-B84B-465E53108783}.Debug|x86.ActiveCfg = Debug|Win32
		{58EC0BD5-CFED-488C-B84B-465E53108783}.Debug|x86.Build.0 = Debug|Win32
		{58EC0BD5-CFED-488C-B84B-465E53108783}.Release|x64.ActiveCfg = Release|x64
		{58EC0BD5-CFED-488C-B84B-465E53108783}.Release|x64.Build.0 = Release|x64
		{58EC0BD5-CFED-488C-B84B-465E53108783}.Release|x86.ActiveCfg = Release|Win32
		{58EC0BD5-CFED-488C-B84B-465E53108783}.Release|x86.Build.0 = Release|Win32
		{9F921656-18EB-4508-992E-B54CD7D7C565}.Debug|x64.ActiveCfg = Debug|x64
		{9F921656-18EB-4508-992E-B54CD7D7C565}.Debug|x64.Build.0 = Debug|x64
		{9F921656-18EB-4508-992E-B54CD7D7C565}.Debug|x86.ActiveCfg = Debug|Win32
		{9F921656-18EB-4508-992E-B54CD7D7C565}.Debug|x86.Build.0 = Debug|Win32
		{9F921656-18EB-4508-992E-B54CD7D7C565}.Release|x64.ActiveCfg = Release|x64
		{9F921656-18EB-4508-992E-B54CD7D7C565}.Release|x64.Build.0 = Release|x64
		{9F921656-18EB-4508-992E-B54CD7D7C565}.Release|x86.ActiveCfg = Release|Win32
		{9F921656-18EB-4508-992E-B54CD7D7C565}.Release|x86.Build.0 = Release|Win32
	EndGlobalSection
	GlobalSection(SolutionProperties) = preSolution
		HideSolutionNode = FALSE
	EndGlobalSection
	GlobalSection(ExtensibilityGlobals) = postSolution
		SolutionGuid = {8DB912ED-D51B-49FB-B877-B0982A630858}
	EndGlobalSection
EndGlobal
