
Microsoft Visual Studio Solution File, Format Version 12.00
# Visual Studio Version 16
VisualStudioVersion = 16.0.29709.97
MinimumVisualStudioVersion = 10.0.40219.1
Project("{8BC9CEB8-8B4A-11D0-8D11-00A0C91BC942}") = "1255", "1255\1255.vcxproj", "{DBC50E3A-3B47-4BE9-B219-76FB702A457A}"
EndProject
Global
	GlobalSection(SolutionConfigurationPlatforms) = preSolution
		Debug|x64 = Debug|x64
		Debug|x86 = Debug|x86
		Release|x64 = Release|x64
		Release|x86 = Release|x86
	EndGlobalSection
	GlobalSection(ProjectConfigurationPlatforms) = postSolution
		{DBC50E3A-3B47-4BE9-B219-76FB702A457A}.Debug|x64.ActiveCfg = Debug|x64
		{DBC50E3A-3B47-4BE9-B219-76FB702A457A}.Debug|x64.Build.0 = Debug|x64
		{DBC50E3A-3B47-4BE9-B219-76FB702A457A}.Debug|x86.ActiveCfg = Debug|Win32
		{DBC50E3A-3B47-4BE9-B219-76FB702A457A}.Debug|x86.Build.0 = Debug|Win32
		{DBC50E3A-3B47-4BE9-B219-76FB702A457A}.Release|x64.ActiveCfg = Release|x64
		{DBC50E3A-3B47-4BE9-B219-76FB702A457A}.Release|x64.Build.0 = Release|x64
		{DBC50E3A-3B47-4BE9-B219-76FB702A457A}.Release|x86.ActiveCfg = Release|Win32
		{DBC50E3A-3B47-4BE9-B219-76FB702A457A}.Release|x86.Build.0 = Release|Win32
	EndGlobalSection
	GlobalSection(SolutionProperties) = preSolution
		HideSolutionNode = FALSE
	EndGlobalSection
	GlobalSection(ExtensibilityGlobals) = postSolution
		SolutionGuid = {29EF9A5B-0595-4D19-BB3E-0214F07C1F5E}
	EndGlobalSection
EndGlobal
