
Microsoft Visual Studio Solution File, Format Version 12.00
# Visual Studio Version 16
VisualStudioVersion = 16.0.30320.27
MinimumVisualStudioVersion = 10.0.40219.1
Project("{8BC9CEB8-8B4A-11D0-8D11-00A0C91BC942}") = "13597", "13597\13597.vcxproj", "{465E44FB-235F-4F6D-A807-54F97E786C67}"
EndProject
Global
	GlobalSection(SolutionConfigurationPlatforms) = preSolution
		Debug|x64 = Debug|x64
		Debug|x86 = Debug|x86
		Release|x64 = Release|x64
		Release|x86 = Release|x86
	EndGlobalSection
	GlobalSection(ProjectConfigurationPlatforms) = postSolution
		{465E44FB-235F-4F6D-A807-54F97E786C67}.Debug|x64.ActiveCfg = Debug|x64
		{465E44FB-235F-4F6D-A807-54F97E786C67}.Debug|x64.Build.0 = Debug|x64
		{465E44FB-235F-4F6D-A807-54F97E786C67}.Debug|x86.ActiveCfg = Debug|Win32
		{465E44FB-235F-4F6D-A807-54F97E786C67}.Debug|x86.Build.0 = Debug|Win32
		{465E44FB-235F-4F6D-A807-54F97E786C67}.Release|x64.ActiveCfg = Release|x64
		{465E44FB-235F-4F6D-A807-54F97E786C67}.Release|x64.Build.0 = Release|x64
		{465E44FB-235F-4F6D-A807-54F97E786C67}.Release|x86.ActiveCfg = Release|Win32
		{465E44FB-235F-4F6D-A807-54F97E786C67}.Release|x86.Build.0 = Release|Win32
	EndGlobalSection
	GlobalSection(SolutionProperties) = preSolution
		HideSolutionNode = FALSE
	EndGlobalSection
	GlobalSection(ExtensibilityGlobals) = postSolution
		SolutionGuid = {FFBF522C-9667-4917-A4C9-5939CF5D5226}
	EndGlobalSection
EndGlobal
