
Microsoft Visual Studio Solution File, Format Version 12.00
# Visual Studio Version 16
VisualStudioVersion = 16.0.29102.190
MinimumVisualStudioVersion = 10.0.40219.1
Project("{8BC9CEB8-8B4A-11D0-8D11-00A0C91BC942}") = "a_plus_b_8", "a_plus_b_8\a_plus_b_8.vcxproj", "{B9846AEE-E2D8-4CC0-A86F-D5AC9E0B913F}"
EndProject
Global
	GlobalSection(SolutionConfigurationPlatforms) = preSolution
		Debug|x64 = Debug|x64
		Debug|x86 = Debug|x86
		Release|x64 = Release|x64
		Release|x86 = Release|x86
	EndGlobalSection
	GlobalSection(ProjectConfigurationPlatforms) = postSolution
		{B9846AEE-E2D8-4CC0-A86F-D5AC9E0B913F}.Debug|x64.ActiveCfg = Debug|x64
		{B9846AEE-E2D8-4CC0-A86F-D5AC9E0B913F}.Debug|x64.Build.0 = Debug|x64
		{B9846AEE-E2D8-4CC0-A86F-D5AC9E0B913F}.Debug|x86.ActiveCfg = Debug|Win32
		{B9846AEE-E2D8-4CC0-A86F-D5AC9E0B913F}.Debug|x86.Build.0 = Debug|Win32
		{B9846AEE-E2D8-4CC0-A86F-D5AC9E0B913F}.Release|x64.ActiveCfg = Release|x64
		{B9846AEE-E2D8-4CC0-A86F-D5AC9E0B913F}.Release|x64.Build.0 = Release|x64
		{B9846AEE-E2D8-4CC0-A86F-D5AC9E0B913F}.Release|x86.ActiveCfg = Release|Win32
		{B9846AEE-E2D8-4CC0-A86F-D5AC9E0B913F}.Release|x86.Build.0 = Release|Win32
	EndGlobalSection
	GlobalSection(SolutionProperties) = preSolution
		HideSolutionNode = FALSE
	EndGlobalSection
	GlobalSection(ExtensibilityGlobals) = postSolution
		SolutionGuid = {5C68C915-54E3-4D8E-A12A-C02E60D60D4B}
	EndGlobalSection
EndGlobal
