
Microsoft Visual Studio Solution File, Format Version 12.00
# Visual Studio Version 16
VisualStudioVersion = 16.0.29230.47
MinimumVisualStudioVersion = 10.0.40219.1
Project("{8BC9CEB8-8B4A-11D0-8D11-00A0C91BC942}") = "1103", "1103\1103.vcxproj", "{B21DD2AB-7BA5-4F41-9BCF-3D5850F67FD9}"
EndProject
Project("{8BC9CEB8-8B4A-11D0-8D11-00A0C91BC942}") = "1107", "1107\1107.vcxproj", "{282CF93F-C777-471B-B8DF-3F40AE144C8E}"
EndProject
Project("{8BC9CEB8-8B4A-11D0-8D11-00A0C91BC942}") = "1108", "1108\1108.vcxproj", "{FF5F6072-0E0A-455B-8371-7A978E0464E7}"
EndProject
Project("{8BC9CEB8-8B4A-11D0-8D11-00A0C91BC942}") = "1109", "1109\1109.vcxproj", "{EE4D1A06-713C-4388-8425-7881856D3493}"
EndProject
Project("{8BC9CEB8-8B4A-11D0-8D11-00A0C91BC942}") = "1112", "1112\1112.vcxproj", "{84A5F337-C706-48D4-9DAC-343DA04D65EF}"
EndProject
Project("{8BC9CEB8-8B4A-11D0-8D11-00A0C91BC942}") = "1113", "1113\1113.vcxproj", "{66E07BC0-AFF0-4CCC-AF1B-55D725DBDA1F}"
EndProject
Project("{8BC9CEB8-8B4A-11D0-8D11-00A0C91BC942}") = "1114", "1114\1114.vcxproj", "{BB9507D3-F5FC-4089-A951-76ED261598CE}"
EndProject
Project("{8BC9CEB8-8B4A-11D0-8D11-00A0C91BC942}") = "1115", "1115\1115.vcxproj", "{35D5B5AE-EFE1-4028-9098-3D68E9AB10CB}"
EndProject
Project("{8BC9CEB8-8B4A-11D0-8D11-00A0C91BC942}") = "1116", "1116\1116.vcxproj", "{93A12AB2-355F-4816-BECD-9723F1114F1D}"
EndProject
Project("{8BC9CEB8-8B4A-11D0-8D11-00A0C91BC942}") = "1117", "1117\1117.vcxproj", "{EDCD00F5-DEEF-4948-82D1-760FD2599FF6}"
EndProject
Project("{8BC9CEB8-8B4A-11D0-8D11-00A0C91BC942}") = "1118", "1118\1118.vcxproj", "{9C3F76CA-52C5-46F4-8A62-29C4BC0C4AA4}"
EndProject
Project("{8BC9CEB8-8B4A-11D0-8D11-00A0C91BC942}") = "1119", "1119\1119.vcxproj", "{561E9EF6-2F05-4448-A1E8-6FF5943ED5EB}"
EndProject
Project("{8BC9CEB8-8B4A-11D0-8D11-00A0C91BC942}") = "1120", "1120\1120.vcxproj", "{8960DFC1-59BB-4F31-97AE-966460A0ADF1}"
EndProject
Project("{8BC9CEB8-8B4A-11D0-8D11-00A0C91BC942}") = "1121", "1121\1121.vcxproj", "{9B2CEAAB-940D-45F3-ACC9-A2F96D1C50D5}"
EndProject
Project("{8BC9CEB8-8B4A-11D0-8D11-00A0C91BC942}") = "1122", "1122\1122.vcxproj", "{0D27D4E1-0A24-4064-80B1-6939920765DB}"
EndProject
Project("{8BC9CEB8-8B4A-11D0-8D11-00A0C91BC942}") = "1123", "1123\1123.vcxproj", "{B7E09973-B24B-4891-B409-93D78736F01D}"
EndProject
Project("{8BC9CEB8-8B4A-11D0-8D11-00A0C91BC942}") = "1124", "1124\1124.vcxproj", "{982C05CD-9F25-4C42-89AE-26FDEDE551F4}"
EndProject
Project("{8BC9CEB8-8B4A-11D0-8D11-00A0C91BC942}") = "1125", "1125\1125.vcxproj", "{EF70686C-2756-4F61-851A-4844AD1D01EB}"
EndProject
Project("{8BC9CEB8-8B4A-11D0-8D11-00A0C91BC942}") = "1126", "1126\1126.vcxproj", "{8B6E8FEB-D3E2-4ED6-993A-3F34C172BC6A}"
EndProject
Project("{8BC9CEB8-8B4A-11D0-8D11-00A0C91BC942}") = "1127", "1127\1127.vcxproj", "{24C4971A-03ED-4677-9153-8BEE1647A08D}"
EndProject
Project("{8BC9CEB8-8B4A-11D0-8D11-00A0C91BC942}") = "1131", "1131\1131.vcxproj", "{D7E804D2-1371-4E7E-8623-FB91C4838B51}"
EndProject
Project("{8BC9CEB8-8B4A-11D0-8D11-00A0C91BC942}") = "1132", "1132\1132.vcxproj", "{2ADA1DF1-1A8D-4671-AE43-047EECBF9362}"
EndProject
Project("{8BC9CEB8-8B4A-11D0-8D11-00A0C91BC942}") = "1133", "1133\1133.vcxproj", "{C3880616-E4ED-4587-98FE-643406F72B44}"
EndProject
Project("{8BC9CEB8-8B4A-11D0-8D11-00A0C91BC942}") = "1135", "1135\1135.vcxproj", "{BE31A03A-BF14-4E0B-87CD-7B3BCA7AABFC}"
EndProject
Project("{8BC9CEB8-8B4A-11D0-8D11-00A0C91BC942}") = "1136", "1136\1136.vcxproj", "{31E0EDF6-ACF3-417F-9E76-FADE516A3500}"
EndProject
Project("{8BC9CEB8-8B4A-11D0-8D11-00A0C91BC942}") = "1137", "1137\1137.vcxproj", "{ED14C2FB-7C64-46BB-BCA4-65DECB074D98}"
EndProject
Project("{8BC9CEB8-8B4A-11D0-8D11-00A0C91BC942}") = "1138", "1138\1138.vcxproj", "{FA22C6D0-191C-483E-A7D7-FA73C6960637}"
EndProject
Project("{8BC9CEB8-8B4A-11D0-8D11-00A0C91BC942}") = "1139", "1139\1139.vcxproj", "{47E07559-4848-490E-8955-AE15B240EE95}"
EndProject
Project("{8BC9CEB8-8B4A-11D0-8D11-00A0C91BC942}") = "1140", "1140\1140.vcxproj", "{DD3B9B35-DB0F-4FF8-9133-64CABEAF53FA}"
EndProject
Project("{8BC9CEB8-8B4A-11D0-8D11-00A0C91BC942}") = "1143", "1143\1143.vcxproj", "{F5B81CF2-1ABD-40A3-893E-7B0F0960F339}"
EndProject
Project("{8BC9CEB8-8B4A-11D0-8D11-00A0C91BC942}") = "1144", "1144\1144.vcxproj", "{B6C39B5A-78FB-4A80-BFE6-C39ADB1C3FCE}"
EndProject
Project("{8BC9CEB8-8B4A-11D0-8D11-00A0C91BC942}") = "1147", "1147\1147.vcxproj", "{409E84F3-BF90-416A-9897-F795BD3E8E2B}"
EndProject
Project("{8BC9CEB8-8B4A-11D0-8D11-00A0C91BC942}") = "1148", "1148\1148.vcxproj", "{E9F94A6C-4235-4853-BB93-C7CB9663DC5C}"
EndProject
Project("{8BC9CEB8-8B4A-11D0-8D11-00A0C91BC942}") = "1149", "1149\1149.vcxproj", "{1A0CB0A5-5778-4397-AAD7-E4469182E5DF}"
EndProject
Project("{8BC9CEB8-8B4A-11D0-8D11-00A0C91BC942}") = "1150", "1150\1150.vcxproj", "{36AFDB8F-B4D5-4654-AE29-CC2897ADB949}"
EndProject
Global
	GlobalSection(SolutionConfigurationPlatforms) = preSolution
		Debug|x64 = Debug|x64
		Debug|x86 = Debug|x86
		Release|x64 = Release|x64
		Release|x86 = Release|x86
	EndGlobalSection
	GlobalSection(ProjectConfigurationPlatforms) = postSolution
		{B21DD2AB-7BA5-4F41-9BCF-3D5850F67FD9}.Debug|x64.ActiveCfg = Debug|x64
		{B21DD2AB-7BA5-4F41-9BCF-3D5850F67FD9}.Debug|x64.Build.0 = Debug|x64
		{B21DD2AB-7BA5-4F41-9BCF-3D5850F67FD9}.Debug|x86.ActiveCfg = Debug|Win32
		{B21DD2AB-7BA5-4F41-9BCF-3D5850F67FD9}.Debug|x86.Build.0 = Debug|Win32
		{B21DD2AB-7BA5-4F41-9BCF-3D5850F67FD9}.Release|x64.ActiveCfg = Release|x64
		{B21DD2AB-7BA5-4F41-9BCF-3D5850F67FD9}.Release|x64.Build.0 = Release|x64
		{B21DD2AB-7BA5-4F41-9BCF-3D5850F67FD9}.Release|x86.ActiveCfg = Release|Win32
		{B21DD2AB-7BA5-4F41-9BCF-3D5850F67FD9}.Release|x86.Build.0 = Release|Win32
		{282CF93F-C777-471B-B8DF-3F40AE144C8E}.Debug|x64.ActiveCfg = Debug|x64
		{282CF93F-C777-471B-B8DF-3F40AE144C8E}.Debug|x64.Build.0 = Debug|x64
		{282CF93F-C777-471B-B8DF-3F40AE144C8E}.Debug|x86.ActiveCfg = Debug|Win32
		{282CF93F-C777-471B-B8DF-3F40AE144C8E}.Debug|x86.Build.0 = Debug|Win32
		{282CF93F-C777-471B-B8DF-3F40AE144C8E}.Release|x64.ActiveCfg = Release|x64
		{282CF93F-C777-471B-B8DF-3F40AE144C8E}.Release|x64.Build.0 = Release|x64
		{282CF93F-C777-471B-B8DF-3F40AE144C8E}.Release|x86.ActiveCfg = Release|Win32
		{282CF93F-C777-471B-B8DF-3F40AE144C8E}.Release|x86.Build.0 = Release|Win32
		{FF5F6072-0E0A-455B-8371-7A978E0464E7}.Debug|x64.ActiveCfg = Debug|x64
		{FF5F6072-0E0A-455B-8371-7A978E0464E7}.Debug|x64.Build.0 = Debug|x64
		{FF5F6072-0E0A-455B-8371-7A978E0464E7}.Debug|x86.ActiveCfg = Debug|Win32
		{FF5F6072-0E0A-455B-8371-7A978E0464E7}.Debug|x86.Build.0 = Debug|Win32
		{FF5F6072-0E0A-455B-8371-7A978E0464E7}.Release|x64.ActiveCfg = Release|x64
		{FF5F6072-0E0A-455B-8371-7A978E0464E7}.Release|x64.Build.0 = Release|x64
		{FF5F6072-0E0A-455B-8371-7A978E0464E7}.Release|x86.ActiveCfg = Release|Win32
		{FF5F6072-0E0A-455B-8371-7A978E0464E7}.Release|x86.Build.0 = Release|Win32
		{EE4D1A06-713C-4388-8425-7881856D3493}.Debug|x64.ActiveCfg = Debug|x64
		{EE4D1A06-713C-4388-8425-7881856D3493}.Debug|x64.Build.0 = Debug|x64
		{EE4D1A06-713C-4388-8425-7881856D3493}.Debug|x86.ActiveCfg = Debug|Win32
		{EE4D1A06-713C-4388-8425-7881856D3493}.Debug|x86.Build.0 = Debug|Win32
		{EE4D1A06-713C-4388-8425-7881856D3493}.Release|x64.ActiveCfg = Release|x64
		{EE4D1A06-713C-4388-8425-7881856D3493}.Release|x64.Build.0 = Release|x64
		{EE4D1A06-713C-4388-8425-7881856D3493}.Release|x86.ActiveCfg = Release|Win32
		{EE4D1A06-713C-4388-8425-7881856D3493}.Release|x86.Build.0 = Release|Win32
		{84A5F337-C706-48D4-9DAC-343DA04D65EF}.Debug|x64.ActiveCfg = Debug|x64
		{84A5F337-C706-48D4-9DAC-343DA04D65EF}.Debug|x64.Build.0 = Debug|x64
		{84A5F337-C706-48D4-9DAC-343DA04D65EF}.Debug|x86.ActiveCfg = Debug|Win32
		{84A5F337-C706-48D4-9DAC-343DA04D65EF}.Debug|x86.Build.0 = Debug|Win32
		{84A5F337-C706-48D4-9DAC-343DA04D65EF}.Release|x64.ActiveCfg = Release|x64
		{84A5F337-C706-48D4-9DAC-343DA04D65EF}.Release|x64.Build.0 = Release|x64
		{84A5F337-C706-48D4-9DAC-343DA04D65EF}.Release|x86.ActiveCfg = Release|Win32
		{84A5F337-C706-48D4-9DAC-343DA04D65EF}.Release|x86.Build.0 = Release|Win32
		{66E07BC0-AFF0-4CCC-AF1B-55D725DBDA1F}.Debug|x64.ActiveCfg = Debug|x64
		{66E07BC0-AFF0-4CCC-AF1B-55D725DBDA1F}.Debug|x64.Build.0 = Debug|x64
		{66E07BC0-AFF0-4CCC-AF1B-55D725DBDA1F}.Debug|x86.ActiveCfg = Debug|Win32
		{66E07BC0-AFF0-4CCC-AF1B-55D725DBDA1F}.Debug|x86.Build.0 = Debug|Win32
		{66E07BC0-AFF0-4CCC-AF1B-55D725DBDA1F}.Release|x64.ActiveCfg = Release|x64
		{66E07BC0-AFF0-4CCC-AF1B-55D725DBDA1F}.Release|x64.Build.0 = Release|x64
		{66E07BC0-AFF0-4CCC-AF1B-55D725DBDA1F}.Release|x86.ActiveCfg = Release|Win32
		{66E07BC0-AFF0-4CCC-AF1B-55D725DBDA1F}.Release|x86.Build.0 = Release|Win32
		{BB9507D3-F5FC-4089-A951-76ED261598CE}.Debug|x64.ActiveCfg = Debug|x64
		{BB9507D3-F5FC-4089-A951-76ED261598CE}.Debug|x64.Build.0 = Debug|x64
		{BB9507D3-F5FC-4089-A951-76ED261598CE}.Debug|x86.ActiveCfg = Debug|Win32
		{BB9507D3-F5FC-4089-A951-76ED261598CE}.Debug|x86.Build.0 = Debug|Win32
		{BB9507D3-F5FC-4089-A951-76ED261598CE}.Release|x64.ActiveCfg = Release|x64
		{BB9507D3-F5FC-4089-A951-76ED261598CE}.Release|x64.Build.0 = Release|x64
		{BB9507D3-F5FC-4089-A951-76ED261598CE}.Release|x86.ActiveCfg = Release|Win32
		{BB9507D3-F5FC-4089-A951-76ED261598CE}.Release|x86.Build.0 = Release|Win32
		{35D5B5AE-EFE1-4028-9098-3D68E9AB10CB}.Debug|x64.ActiveCfg = Debug|x64
		{35D5B5AE-EFE1-4028-9098-3D68E9AB10CB}.Debug|x64.Build.0 = Debug|x64
		{35D5B5AE-EFE1-4028-9098-3D68E9AB10CB}.Debug|x86.ActiveCfg = Debug|Win32
		{35D5B5AE-EFE1-4028-9098-3D68E9AB10CB}.Debug|x86.Build.0 = Debug|Win32
		{35D5B5AE-EFE1-4028-9098-3D68E9AB10CB}.Release|x64.ActiveCfg = Release|x64
		{35D5B5AE-EFE1-4028-9098-3D68E9AB10CB}.Release|x64.Build.0 = Release|x64
		{35D5B5AE-EFE1-4028-9098-3D68E9AB10CB}.Release|x86.ActiveCfg = Release|Win32
		{35D5B5AE-EFE1-4028-9098-3D68E9AB10CB}.Release|x86.Build.0 = Release|Win32
		{93A12AB2-355F-4816-BECD-9723F1114F1D}.Debug|x64.ActiveCfg = Debug|x64
		{93A12AB2-355F-4816-BECD-9723F1114F1D}.Debug|x64.Build.0 = Debug|x64
		{93A12AB2-355F-4816-BECD-9723F1114F1D}.Debug|x86.ActiveCfg = Debug|Win32
		{93A12AB2-355F-4816-BECD-9723F1114F1D}.Debug|x86.Build.0 = Debug|Win32
		{93A12AB2-355F-4816-BECD-9723F1114F1D}.Release|x64.ActiveCfg = Release|x64
		{93A12AB2-355F-4816-BECD-9723F1114F1D}.Release|x64.Build.0 = Release|x64
		{93A12AB2-355F-4816-BECD-9723F1114F1D}.Release|x86.ActiveCfg = Release|Win32
		{93A12AB2-355F-4816-BECD-9723F1114F1D}.Release|x86.Build.0 = Release|Win32
		{EDCD00F5-DEEF-4948-82D1-760FD2599FF6}.Debug|x64.ActiveCfg = Debug|x64
		{EDCD00F5-DEEF-4948-82D1-760FD2599FF6}.Debug|x64.Build.0 = Debug|x64
		{EDCD00F5-DEEF-4948-82D1-760FD2599FF6}.Debug|x86.ActiveCfg = Debug|Win32
		{EDCD00F5-DEEF-4948-82D1-760FD2599FF6}.Debug|x86.Build.0 = Debug|Win32
		{EDCD00F5-DEEF-4948-82D1-760FD2599FF6}.Release|x64.ActiveCfg = Release|x64
		{EDCD00F5-DEEF-4948-82D1-760FD2599FF6}.Release|x64.Build.0 = Release|x64
		{EDCD00F5-DEEF-4948-82D1-760FD2599FF6}.Release|x86.ActiveCfg = Release|Win32
		{EDCD00F5-DEEF-4948-82D1-760FD2599FF6}.Release|x86.Build.0 = Release|Win32
		{9C3F76CA-52C5-46F4-8A62-29C4BC0C4AA4}.Debug|x64.ActiveCfg = Debug|x64
		{9C3F76CA-52C5-46F4-8A62-29C4BC0C4AA4}.Debug|x64.Build.0 = Debug|x64
		{9C3F76CA-52C5-46F4-8A62-29C4BC0C4AA4}.Debug|x86.ActiveCfg = Debug|Win32
		{9C3F76CA-52C5-46F4-8A62-29C4BC0C4AA4}.Debug|x86.Build.0 = Debug|Win32
		{9C3F76CA-52C5-46F4-8A62-29C4BC0C4AA4}.Release|x64.ActiveCfg = Release|x64
		{9C3F76CA-52C5-46F4-8A62-29C4BC0C4AA4}.Release|x64.Build.0 = Release|x64
		{9C3F76CA-52C5-46F4-8A62-29C4BC0C4AA4}.Release|x86.ActiveCfg = Release|Win32
		{9C3F76CA-52C5-46F4-8A62-29C4BC0C4AA4}.Release|x86.Build.0 = Release|Win32
		{561E9EF6-2F05-4448-A1E8-6FF5943ED5EB}.Debug|x64.ActiveCfg = Debug|x64
		{561E9EF6-2F05-4448-A1E8-6FF5943ED5EB}.Debug|x64.Build.0 = Debug|x64
		{561E9EF6-2F05-4448-A1E8-6FF5943ED5EB}.Debug|x86.ActiveCfg = Debug|Win32
		{561E9EF6-2F05-4448-A1E8-6FF5943ED5EB}.Debug|x86.Build.0 = Debug|Win32
		{561E9EF6-2F05-4448-A1E8-6FF5943ED5EB}.Release|x64.ActiveCfg = Release|x64
		{561E9EF6-2F05-4448-A1E8-6FF5943ED5EB}.Release|x64.Build.0 = Release|x64
		{561E9EF6-2F05-4448-A1E8-6FF5943ED5EB}.Release|x86.ActiveCfg = Release|Win32
		{561E9EF6-2F05-4448-A1E8-6FF5943ED5EB}.Release|x86.Build.0 = Release|Win32
		{8960DFC1-59BB-4F31-97AE-966460A0ADF1}.Debug|x64.ActiveCfg = Debug|x64
		{8960DFC1-59BB-4F31-97AE-966460A0ADF1}.Debug|x64.Build.0 = Debug|x64
		{8960DFC1-59BB-4F31-97AE-966460A0ADF1}.Debug|x86.ActiveCfg = Debug|Win32
		{8960DFC1-59BB-4F31-97AE-966460A0ADF1}.Debug|x86.Build.0 = Debug|Win32
		{8960DFC1-59BB-4F31-97AE-966460A0ADF1}.Release|x64.ActiveCfg = Release|x64
		{8960DFC1-59BB-4F31-97AE-966460A0ADF1}.Release|x64.Build.0 = Release|x64
		{8960DFC1-59BB-4F31-97AE-966460A0ADF1}.Release|x86.ActiveCfg = Release|Win32
		{8960DFC1-59BB-4F31-97AE-966460A0ADF1}.Release|x86.Build.0 = Release|Win32
		{9B2CEAAB-940D-45F3-ACC9-A2F96D1C50D5}.Debug|x64.ActiveCfg = Debug|x64
		{9B2CEAAB-940D-45F3-ACC9-A2F96D1C50D5}.Debug|x64.Build.0 = Debug|x64
		{9B2CEAAB-940D-45F3-ACC9-A2F96D1C50D5}.Debug|x86.ActiveCfg = Debug|Win32
		{9B2CEAAB-940D-45F3-ACC9-A2F96D1C50D5}.Debug|x86.Build.0 = Debug|Win32
		{9B2CEAAB-940D-45F3-ACC9-A2F96D1C50D5}.Release|x64.ActiveCfg = Release|x64
		{9B2CEAAB-940D-45F3-ACC9-A2F96D1C50D5}.Release|x64.Build.0 = Release|x64
		{9B2CEAAB-940D-45F3-ACC9-A2F96D1C50D5}.Release|x86.ActiveCfg = Release|Win32
		{9B2CEAAB-940D-45F3-ACC9-A2F96D1C50D5}.Release|x86.Build.0 = Release|Win32
		{0D27D4E1-0A24-4064-80B1-6939920765DB}.Debug|x64.ActiveCfg = Debug|x64
		{0D27D4E1-0A24-4064-80B1-6939920765DB}.Debug|x64.Build.0 = Debug|x64
		{0D27D4E1-0A24-4064-80B1-6939920765DB}.Debug|x86.ActiveCfg = Debug|Win32
		{0D27D4E1-0A24-4064-80B1-6939920765DB}.Debug|x86.Build.0 = Debug|Win32
		{0D27D4E1-0A24-4064-80B1-6939920765DB}.Release|x64.ActiveCfg = Release|x64
		{0D27D4E1-0A24-4064-80B1-6939920765DB}.Release|x64.Build.0 = Release|x64
		{0D27D4E1-0A24-4064-80B1-6939920765DB}.Release|x86.ActiveCfg = Release|Win32
		{0D27D4E1-0A24-4064-80B1-6939920765DB}.Release|x86.Build.0 = Release|Win32
		{B7E09973-B24B-4891-B409-93D78736F01D}.Debug|x64.ActiveCfg = Debug|x64
		{B7E09973-B24B-4891-B409-93D78736F01D}.Debug|x64.Build.0 = Debug|x64
		{B7E09973-B24B-4891-B409-93D78736F01D}.Debug|x86.ActiveCfg = Debug|Win32
		{B7E09973-B24B-4891-B409-93D78736F01D}.Debug|x86.Build.0 = Debug|Win32
		{B7E09973-B24B-4891-B409-93D78736F01D}.Release|x64.ActiveCfg = Release|x64
		{B7E09973-B24B-4891-B409-93D78736F01D}.Release|x64.Build.0 = Release|x64
		{B7E09973-B24B-4891-B409-93D78736F01D}.Release|x86.ActiveCfg = Release|Win32
		{B7E09973-B24B-4891-B409-93D78736F01D}.Release|x86.Build.0 = Release|Win32
		{982C05CD-9F25-4C42-89AE-26FDEDE551F4}.Debug|x64.ActiveCfg = Debug|x64
		{982C05CD-9F25-4C42-89AE-26FDEDE551F4}.Debug|x64.Build.0 = Debug|x64
		{982C05CD-9F25-4C42-89AE-26FDEDE551F4}.Debug|x86.ActiveCfg = Debug|Win32
		{982C05CD-9F25-4C42-89AE-26FDEDE551F4}.Debug|x86.Build.0 = Debug|Win32
		{982C05CD-9F25-4C42-89AE-26FDEDE551F4}.Release|x64.ActiveCfg = Release|x64
		{982C05CD-9F25-4C42-89AE-26FDEDE551F4}.Release|x64.Build.0 = Release|x64
		{982C05CD-9F25-4C42-89AE-26FDEDE551F4}.Release|x86.ActiveCfg = Release|Win32
		{982C05CD-9F25-4C42-89AE-26FDEDE551F4}.Release|x86.Build.0 = Release|Win32
		{EF70686C-2756-4F61-851A-4844AD1D01EB}.Debug|x64.ActiveCfg = Debug|x64
		{EF70686C-2756-4F61-851A-4844AD1D01EB}.Debug|x64.Build.0 = Debug|x64
		{EF70686C-2756-4F61-851A-4844AD1D01EB}.Debug|x86.ActiveCfg = Debug|Win32
		{EF70686C-2756-4F61-851A-4844AD1D01EB}.Debug|x86.Build.0 = Debug|Win32
		{EF70686C-2756-4F61-851A-4844AD1D01EB}.Release|x64.ActiveCfg = Release|x64
		{EF70686C-2756-4F61-851A-4844AD1D01EB}.Release|x64.Build.0 = Release|x64
		{EF70686C-2756-4F61-851A-4844AD1D01EB}.Release|x86.ActiveCfg = Release|Win32
		{EF70686C-2756-4F61-851A-4844AD1D01EB}.Release|x86.Build.0 = Release|Win32
		{8B6E8FEB-D3E2-4ED6-993A-3F34C172BC6A}.Debug|x64.ActiveCfg = Debug|x64
		{8B6E8FEB-D3E2-4ED6-993A-3F34C172BC6A}.Debug|x64.Build.0 = Debug|x64
		{8B6E8FEB-D3E2-4ED6-993A-3F34C172BC6A}.Debug|x86.ActiveCfg = Debug|Win32
		{8B6E8FEB-D3E2-4ED6-993A-3F34C172BC6A}.Debug|x86.Build.0 = Debug|Win32
		{8B6E8FEB-D3E2-4ED6-993A-3F34C172BC6A}.Release|x64.ActiveCfg = Release|x64
		{8B6E8FEB-D3E2-4ED6-993A-3F34C172BC6A}.Release|x64.Build.0 = Release|x64
		{8B6E8FEB-D3E2-4ED6-993A-3F34C172BC6A}.Release|x86.ActiveCfg = Release|Win32
		{8B6E8FEB-D3E2-4ED6-993A-3F34C172BC6A}.Release|x86.Build.0 = Release|Win32
		{24C4971A-03ED-4677-9153-8BEE1647A08D}.Debug|x64.ActiveCfg = Debug|x64
		{24C4971A-03ED-4677-9153-8BEE1647A08D}.Debug|x64.Build.0 = Debug|x64
		{24C4971A-03ED-4677-9153-8BEE1647A08D}.Debug|x86.ActiveCfg = Debug|Win32
		{24C4971A-03ED-4677-9153-8BEE1647A08D}.Debug|x86.Build.0 = Debug|Win32
		{24C4971A-03ED-4677-9153-8BEE1647A08D}.Release|x64.ActiveCfg = Release|x64
		{24C4971A-03ED-4677-9153-8BEE1647A08D}.Release|x64.Build.0 = Release|x64
		{24C4971A-03ED-4677-9153-8BEE1647A08D}.Release|x86.ActiveCfg = Release|Win32
		{24C4971A-03ED-4677-9153-8BEE1647A08D}.Release|x86.Build.0 = Release|Win32
		{D7E804D2-1371-4E7E-8623-FB91C4838B51}.Debug|x64.ActiveCfg = Debug|x64
		{D7E804D2-1371-4E7E-8623-FB91C4838B51}.Debug|x64.Build.0 = Debug|x64
		{D7E804D2-1371-4E7E-8623-FB91C4838B51}.Debug|x86.ActiveCfg = Debug|Win32
		{D7E804D2-1371-4E7E-8623-FB91C4838B51}.Debug|x86.Build.0 = Debug|Win32
		{D7E804D2-1371-4E7E-8623-FB91C4838B51}.Release|x64.ActiveCfg = Release|x64
		{D7E804D2-1371-4E7E-8623-FB91C4838B51}.Release|x64.Build.0 = Release|x64
		{D7E804D2-1371-4E7E-8623-FB91C4838B51}.Release|x86.ActiveCfg = Release|Win32
		{D7E804D2-1371-4E7E-8623-FB91C4838B51}.Release|x86.Build.0 = Release|Win32
		{2ADA1DF1-1A8D-4671-AE43-047EECBF9362}.Debug|x64.ActiveCfg = Debug|x64
		{2ADA1DF1-1A8D-4671-AE43-047EECBF9362}.Debug|x64.Build.0 = Debug|x64
		{2ADA1DF1-1A8D-4671-AE43-047EECBF9362}.Debug|x86.ActiveCfg = Debug|Win32
		{2ADA1DF1-1A8D-4671-AE43-047EECBF9362}.Debug|x86.Build.0 = Debug|Win32
		{2ADA1DF1-1A8D-4671-AE43-047EECBF9362}.Release|x64.ActiveCfg = Release|x64
		{2ADA1DF1-1A8D-4671-AE43-047EECBF9362}.Release|x64.Build.0 = Release|x64
		{2ADA1DF1-1A8D-4671-AE43-047EECBF9362}.Release|x86.ActiveCfg = Release|Win32
		{2ADA1DF1-1A8D-4671-AE43-047EECBF9362}.Release|x86.Build.0 = Release|Win32
		{C3880616-E4ED-4587-98FE-643406F72B44}.Debug|x64.ActiveCfg = Debug|x64
		{C3880616-E4ED-4587-98FE-643406F72B44}.Debug|x64.Build.0 = Debug|x64
		{C3880616-E4ED-4587-98FE-643406F72B44}.Debug|x86.ActiveCfg = Debug|Win32
		{C3880616-E4ED-4587-98FE-643406F72B44}.Debug|x86.Build.0 = Debug|Win32
		{C3880616-E4ED-4587-98FE-643406F72B44}.Release|x64.ActiveCfg = Release|x64
		{C3880616-E4ED-4587-98FE-643406F72B44}.Release|x64.Build.0 = Release|x64
		{C3880616-E4ED-4587-98FE-643406F72B44}.Release|x86.ActiveCfg = Release|Win32
		{C3880616-E4ED-4587-98FE-643406F72B44}.Release|x86.Build.0 = Release|Win32
		{BE31A03A-BF14-4E0B-87CD-7B3BCA7AABFC}.Debug|x64.ActiveCfg = Debug|x64
		{BE31A03A-BF14-4E0B-87CD-7B3BCA7AABFC}.Debug|x64.Build.0 = Debug|x64
		{BE31A03A-BF14-4E0B-87CD-7B3BCA7AABFC}.Debug|x86.ActiveCfg = Debug|Win32
		{BE31A03A-BF14-4E0B-87CD-7B3BCA7AABFC}.Debug|x86.Build.0 = Debug|Win32
		{BE31A03A-BF14-4E0B-87CD-7B3BCA7AABFC}.Release|x64.ActiveCfg = Release|x64
		{BE31A03A-BF14-4E0B-87CD-7B3BCA7AABFC}.Release|x64.Build.0 = Release|x64
		{BE31A03A-BF14-4E0B-87CD-7B3BCA7AABFC}.Release|x86.ActiveCfg = Release|Win32
		{BE31A03A-BF14-4E0B-87CD-7B3BCA7AABFC}.Release|x86.Build.0 = Release|Win32
		{31E0EDF6-ACF3-417F-9E76-FADE516A3500}.Debug|x64.ActiveCfg = Debug|x64
		{31E0EDF6-ACF3-417F-9E76-FADE516A3500}.Debug|x64.Build.0 = Debug|x64
		{31E0EDF6-ACF3-417F-9E76-FADE516A3500}.Debug|x86.ActiveCfg = Debug|Win32
		{31E0EDF6-ACF3-417F-9E76-FADE516A3500}.Debug|x86.Build.0 = Debug|Win32
		{31E0EDF6-ACF3-417F-9E76-FADE516A3500}.Release|x64.ActiveCfg = Release|x64
		{31E0EDF6-ACF3-417F-9E76-FADE516A3500}.Release|x64.Build.0 = Release|x64
		{31E0EDF6-ACF3-417F-9E76-FADE516A3500}.Release|x86.ActiveCfg = Release|Win32
		{31E0EDF6-ACF3-417F-9E76-FADE516A3500}.Release|x86.Build.0 = Release|Win32
		{ED14C2FB-7C64-46BB-BCA4-65DECB074D98}.Debug|x64.ActiveCfg = Debug|x64
		{ED14C2FB-7C64-46BB-BCA4-65DECB074D98}.Debug|x64.Build.0 = Debug|x64
		{ED14C2FB-7C64-46BB-BCA4-65DECB074D98}.Debug|x86.ActiveCfg = Debug|Win32
		{ED14C2FB-7C64-46BB-BCA4-65DECB074D98}.Debug|x86.Build.0 = Debug|Win32
		{ED14C2FB-7C64-46BB-BCA4-65DECB074D98}.Release|x64.ActiveCfg = Release|x64
		{ED14C2FB-7C64-46BB-BCA4-65DECB074D98}.Release|x64.Build.0 = Release|x64
		{ED14C2FB-7C64-46BB-BCA4-65DECB074D98}.Release|x86.ActiveCfg = Release|Win32
		{ED14C2FB-7C64-46BB-BCA4-65DECB074D98}.Release|x86.Build.0 = Release|Win32
		{FA22C6D0-191C-483E-A7D7-FA73C6960637}.Debug|x64.ActiveCfg = Debug|x64
		{FA22C6D0-191C-483E-A7D7-FA73C6960637}.Debug|x64.Build.0 = Debug|x64
		{FA22C6D0-191C-483E-A7D7-FA73C6960637}.Debug|x86.ActiveCfg = Debug|Win32
		{FA22C6D0-191C-483E-A7D7-FA73C6960637}.Debug|x86.Build.0 = Debug|Win32
		{FA22C6D0-191C-483E-A7D7-FA73C6960637}.Release|x64.ActiveCfg = Release|x64
		{FA22C6D0-191C-483E-A7D7-FA73C6960637}.Release|x64.Build.0 = Release|x64
		{FA22C6D0-191C-483E-A7D7-FA73C6960637}.Release|x86.ActiveCfg = Release|Win32
		{FA22C6D0-191C-483E-A7D7-FA73C6960637}.Release|x86.Build.0 = Release|Win32
		{47E07559-4848-490E-8955-AE15B240EE95}.Debug|x64.ActiveCfg = Debug|x64
		{47E07559-4848-490E-8955-AE15B240EE95}.Debug|x64.Build.0 = Debug|x64
		{47E07559-4848-490E-8955-AE15B240EE95}.Debug|x86.ActiveCfg = Debug|Win32
		{47E07559-4848-490E-8955-AE15B240EE95}.Debug|x86.Build.0 = Debug|Win32
		{47E07559-4848-490E-8955-AE15B240EE95}.Release|x64.ActiveCfg = Release|x64
		{47E07559-4848-490E-8955-AE15B240EE95}.Release|x64.Build.0 = Release|x64
		{47E07559-4848-490E-8955-AE15B240EE95}.Release|x86.ActiveCfg = Release|Win32
		{47E07559-4848-490E-8955-AE15B240EE95}.Release|x86.Build.0 = Release|Win32
		{DD3B9B35-DB0F-4FF8-9133-64CABEAF53FA}.Debug|x64.ActiveCfg = Debug|x64
		{DD3B9B35-DB0F-4FF8-9133-64CABEAF53FA}.Debug|x64.Build.0 = Debug|x64
		{DD3B9B35-DB0F-4FF8-9133-64CABEAF53FA}.Debug|x86.ActiveCfg = Debug|Win32
		{DD3B9B35-DB0F-4FF8-9133-64CABEAF53FA}.Debug|x86.Build.0 = Debug|Win32
		{DD3B9B35-DB0F-4FF8-9133-64CABEAF53FA}.Release|x64.ActiveCfg = Release|x64
		{DD3B9B35-DB0F-4FF8-9133-64CABEAF53FA}.Release|x64.Build.0 = Release|x64
		{DD3B9B35-DB0F-4FF8-9133-64CABEAF53FA}.Release|x86.ActiveCfg = Release|Win32
		{DD3B9B35-DB0F-4FF8-9133-64CABEAF53FA}.Release|x86.Build.0 = Release|Win32
		{F5B81CF2-1ABD-40A3-893E-7B0F0960F339}.Debug|x64.ActiveCfg = Debug|x64
		{F5B81CF2-1ABD-40A3-893E-7B0F0960F339}.Debug|x64.Build.0 = Debug|x64
		{F5B81CF2-1ABD-40A3-893E-7B0F0960F339}.Debug|x86.ActiveCfg = Debug|Win32
		{F5B81CF2-1ABD-40A3-893E-7B0F0960F339}.Debug|x86.Build.0 = Debug|Win32
		{F5B81CF2-1ABD-40A3-893E-7B0F0960F339}.Release|x64.ActiveCfg = Release|x64
		{F5B81CF2-1ABD-40A3-893E-7B0F0960F339}.Release|x64.Build.0 = Release|x64
		{F5B81CF2-1ABD-40A3-893E-7B0F0960F339}.Release|x86.ActiveCfg = Release|Win32
		{F5B81CF2-1ABD-40A3-893E-7B0F0960F339}.Release|x86.Build.0 = Release|Win32
		{B6C39B5A-78FB-4A80-BFE6-C39ADB1C3FCE}.Debug|x64.ActiveCfg = Debug|x64
		{B6C39B5A-78FB-4A80-BFE6-C39ADB1C3FCE}.Debug|x64.Build.0 = Debug|x64
		{B6C39B5A-78FB-4A80-BFE6-C39ADB1C3FCE}.Debug|x86.ActiveCfg = Debug|Win32
		{B6C39B5A-78FB-4A80-BFE6-C39ADB1C3FCE}.Debug|x86.Build.0 = Debug|Win32
		{B6C39B5A-78FB-4A80-BFE6-C39ADB1C3FCE}.Release|x64.ActiveCfg = Release|x64
		{B6C39B5A-78FB-4A80-BFE6-C39ADB1C3FCE}.Release|x64.Build.0 = Release|x64
		{B6C39B5A-78FB-4A80-BFE6-C39ADB1C3FCE}.Release|x86.ActiveCfg = Release|Win32
		{B6C39B5A-78FB-4A80-BFE6-C39ADB1C3FCE}.Release|x86.Build.0 = Release|Win32
		{409E84F3-BF90-416A-9897-F795BD3E8E2B}.Debug|x64.ActiveCfg = Debug|x64
		{409E84F3-BF90-416A-9897-F795BD3E8E2B}.Debug|x64.Build.0 = Debug|x64
		{409E84F3-BF90-416A-9897-F795BD3E8E2B}.Debug|x86.ActiveCfg = Debug|Win32
		{409E84F3-BF90-416A-9897-F795BD3E8E2B}.Debug|x86.Build.0 = Debug|Win32
		{409E84F3-BF90-416A-9897-F795BD3E8E2B}.Release|x64.ActiveCfg = Release|x64
		{409E84F3-BF90-416A-9897-F795BD3E8E2B}.Release|x64.Build.0 = Release|x64
		{409E84F3-BF90-416A-9897-F795BD3E8E2B}.Release|x86.ActiveCfg = Release|Win32
		{409E84F3-BF90-416A-9897-F795BD3E8E2B}.Release|x86.Build.0 = Release|Win32
		{E9F94A6C-4235-4853-BB93-C7CB9663DC5C}.Debug|x64.ActiveCfg = Debug|x64
		{E9F94A6C-4235-4853-BB93-C7CB9663DC5C}.Debug|x64.Build.0 = Debug|x64
		{E9F94A6C-4235-4853-BB93-C7CB9663DC5C}.Debug|x86.ActiveCfg = Debug|Win32
		{E9F94A6C-4235-4853-BB93-C7CB9663DC5C}.Debug|x86.Build.0 = Debug|Win32
		{E9F94A6C-4235-4853-BB93-C7CB9663DC5C}.Release|x64.ActiveCfg = Release|x64
		{E9F94A6C-4235-4853-BB93-C7CB9663DC5C}.Release|x64.Build.0 = Release|x64
		{E9F94A6C-4235-4853-BB93-C7CB9663DC5C}.Release|x86.ActiveCfg = Release|Win32
		{E9F94A6C-4235-4853-BB93-C7CB9663DC5C}.Release|x86.Build.0 = Release|Win32
		{1A0CB0A5-5778-4397-AAD7-E4469182E5DF}.Debug|x64.ActiveCfg = Debug|x64
		{1A0CB0A5-5778-4397-AAD7-E4469182E5DF}.Debug|x64.Build.0 = Debug|x64
		{1A0CB0A5-5778-4397-AAD7-E4469182E5DF}.Debug|x86.ActiveCfg = Debug|Win32
		{1A0CB0A5-5778-4397-AAD7-E4469182E5DF}.Debug|x86.Build.0 = Debug|Win32
		{1A0CB0A5-5778-4397-AAD7-E4469182E5DF}.Release|x64.ActiveCfg = Release|x64
		{1A0CB0A5-5778-4397-AAD7-E4469182E5DF}.Release|x64.Build.0 = Release|x64
		{1A0CB0A5-5778-4397-AAD7-E4469182E5DF}.Release|x86.ActiveCfg = Release|Win32
		{1A0CB0A5-5778-4397-AAD7-E4469182E5DF}.Release|x86.Build.0 = Release|Win32
		{36AFDB8F-B4D5-4654-AE29-CC2897ADB949}.Debug|x64.ActiveCfg = Debug|x64
		{36AFDB8F-B4D5-4654-AE29-CC2897ADB949}.Debug|x64.Build.0 = Debug|x64
		{36AFDB8F-B4D5-4654-AE29-CC2897ADB949}.Debug|x86.ActiveCfg = Debug|Win32
		{36AFDB8F-B4D5-4654-AE29-CC2897ADB949}.Debug|x86.Build.0 = Debug|Win32
		{36AFDB8F-B4D5-4654-AE29-CC2897ADB949}.Release|x64.ActiveCfg = Release|x64
		{36AFDB8F-B4D5-4654-AE29-CC2897ADB949}.Release|x64.Build.0 = Release|x64
		{36AFDB8F-B4D5-4654-AE29-CC2897ADB949}.Release|x86.ActiveCfg = Release|Win32
		{36AFDB8F-B4D5-4654-AE29-CC2897ADB949}.Release|x86.Build.0 = Release|Win32
	EndGlobalSection
	GlobalSection(SolutionProperties) = preSolution
		HideSolutionNode = FALSE
	EndGlobalSection
	GlobalSection(ExtensibilityGlobals) = postSolution
		SolutionGuid = {BBE43ADD-95D3-40E8-ADEC-0610457D463B}
	EndGlobalSection
EndGlobal
