
Microsoft Visual Studio Solution File, Format Version 12.00
# Visual Studio Version 16
VisualStudioVersion = 16.0.30320.27
MinimumVisualStudioVersion = 10.0.40219.1
Project("{8BC9CEB8-8B4A-11D0-8D11-00A0C91BC942}") = "2455", "2455\2455.vcxproj", "{1BF16846-293E-4232-B6CC-5BBE741E99FC}"
EndProject
Global
	GlobalSection(SolutionConfigurationPlatforms) = preSolution
		Debug|x64 = Debug|x64
		Debug|x86 = Debug|x86
		Release|x64 = Release|x64
		Release|x86 = Release|x86
	EndGlobalSection
	GlobalSection(ProjectConfigurationPlatforms) = postSolution
		{1BF16846-293E-4232-B6CC-5BBE741E99FC}.Debug|x64.ActiveCfg = Debug|x64
		{1BF16846-293E-4232-B6CC-5BBE741E99FC}.Debug|x64.Build.0 = Debug|x64
		{1BF16846-293E-4232-B6CC-5BBE741E99FC}.Debug|x86.ActiveCfg = Debug|Win32
		{1BF16846-293E-4232-B6CC-5BBE741E99FC}.Debug|x86.Build.0 = Debug|Win32
		{1BF16846-293E-4232-B6CC-5BBE741E99FC}.Release|x64.ActiveCfg = Release|x64
		{1BF16846-293E-4232-B6CC-5BBE741E99FC}.Release|x64.Build.0 = Release|x64
		{1BF16846-293E-4232-B6CC-5BBE741E99FC}.Release|x86.ActiveCfg = Release|Win32
		{1BF16846-293E-4232-B6CC-5BBE741E99FC}.Release|x86.Build.0 = Release|Win32
	EndGlobalSection
	GlobalSection(SolutionProperties) = preSolution
		HideSolutionNode = FALSE
	EndGlobalSection
	GlobalSection(ExtensibilityGlobals) = postSolution
		SolutionGuid = {F3BFE69A-53C2-461A-813F-9448F79D8FD6}
	EndGlobalSection
EndGlobal
