
Microsoft Visual Studio Solution File, Format Version 12.00
# Visual Studio Version 16
VisualStudioVersion = 16.0.29806.167
MinimumVisualStudioVersion = 10.0.40219.1
Project("{8BC9CEB8-8B4A-11D0-8D11-00A0C91BC942}") = "1560", "1560\1560.vcxproj", "{34EF572C-E787-4300-ABC0-D1A3FB5C1D26}"
EndProject
Global
	GlobalSection(SolutionConfigurationPlatforms) = preSolution
		Debug|x64 = Debug|x64
		Debug|x86 = Debug|x86
		Release|x64 = Release|x64
		Release|x86 = Release|x86
	EndGlobalSection
	GlobalSection(ProjectConfigurationPlatforms) = postSolution
		{34EF572C-E787-4300-ABC0-D1A3FB5C1D26}.Debug|x64.ActiveCfg = Debug|x64
		{34EF572C-E787-4300-ABC0-D1A3FB5C1D26}.Debug|x64.Build.0 = Debug|x64
		{34EF572C-E787-4300-ABC0-D1A3FB5C1D26}.Debug|x86.ActiveCfg = Debug|Win32
		{34EF572C-E787-4300-ABC0-D1A3FB5C1D26}.Debug|x86.Build.0 = Debug|Win32
		{34EF572C-E787-4300-ABC0-D1A3FB5C1D26}.Release|x64.ActiveCfg = Release|x64
		{34EF572C-E787-4300-ABC0-D1A3FB5C1D26}.Release|x64.Build.0 = Release|x64
		{34EF572C-E787-4300-ABC0-D1A3FB5C1D26}.Release|x86.ActiveCfg = Release|Win32
		{34EF572C-E787-4300-ABC0-D1A3FB5C1D26}.Release|x86.Build.0 = Release|Win32
	EndGlobalSection
	GlobalSection(SolutionProperties) = preSolution
		HideSolutionNode = FALSE
	EndGlobalSection
	GlobalSection(ExtensibilityGlobals) = postSolution
		SolutionGuid = {4C01158A-3F47-486F-A9A6-0FAA31F52AF0}
	EndGlobalSection
EndGlobal
