
Microsoft Visual Studio Solution File, Format Version 12.00
# Visual Studio Version 16
VisualStudioVersion = 16.0.29709.97
MinimumVisualStudioVersion = 10.0.40219.1
Project("{8BC9CEB8-8B4A-11D0-8D11-00A0C91BC942}") = "1268", "1268\1268.vcxproj", "{02246C06-4C65-4AF1-B7D5-FF2AC96CD579}"
EndProject
Global
	GlobalSection(SolutionConfigurationPlatforms) = preSolution
		Debug|x64 = Debug|x64
		Debug|x86 = Debug|x86
		Release|x64 = Release|x64
		Release|x86 = Release|x86
	EndGlobalSection
	GlobalSection(ProjectConfigurationPlatforms) = postSolution
		{02246C06-4C65-4AF1-B7D5-FF2AC96CD579}.Debug|x64.ActiveCfg = Debug|x64
		{02246C06-4C65-4AF1-B7D5-FF2AC96CD579}.Debug|x64.Build.0 = Debug|x64
		{02246C06-4C65-4AF1-B7D5-FF2AC96CD579}.Debug|x86.ActiveCfg = Debug|Win32
		{02246C06-4C65-4AF1-B7D5-FF2AC96CD579}.Debug|x86.Build.0 = Debug|Win32
		{02246C06-4C65-4AF1-B7D5-FF2AC96CD579}.Release|x64.ActiveCfg = Release|x64
		{02246C06-4C65-4AF1-B7D5-FF2AC96CD579}.Release|x64.Build.0 = Release|x64
		{02246C06-4C65-4AF1-B7D5-FF2AC96CD579}.Release|x86.ActiveCfg = Release|Win32
		{02246C06-4C65-4AF1-B7D5-FF2AC96CD579}.Release|x86.Build.0 = Release|Win32
	EndGlobalSection
	GlobalSection(SolutionProperties) = preSolution
		HideSolutionNode = FALSE
	EndGlobalSection
	GlobalSection(ExtensibilityGlobals) = postSolution
		SolutionGuid = {CD74009E-C160-4967-A421-99459ABA5AD3}
	EndGlobalSection
EndGlobal
