
Microsoft Visual Studio Solution File, Format Version 12.00
# Visual Studio Version 16
VisualStudioVersion = 16.0.30225.117
MinimumVisualStudioVersion = 10.0.40219.1
Project("{8BC9CEB8-8B4A-11D0-8D11-00A0C91BC942}") = "13136", "13136\13136.vcxproj", "{36EEF7EA-02E2-4E77-A6EC-13393AC3CAC6}"
EndProject
Global
	GlobalSection(SolutionConfigurationPlatforms) = preSolution
		Debug|x64 = Debug|x64
		Debug|x86 = Debug|x86
		Release|x64 = Release|x64
		Release|x86 = Release|x86
	EndGlobalSection
	GlobalSection(ProjectConfigurationPlatforms) = postSolution
		{36EEF7EA-02E2-4E77-A6EC-13393AC3CAC6}.Debug|x64.ActiveCfg = Debug|x64
		{36EEF7EA-02E2-4E77-A6EC-13393AC3CAC6}.Debug|x64.Build.0 = Debug|x64
		{36EEF7EA-02E2-4E77-A6EC-13393AC3CAC6}.Debug|x86.ActiveCfg = Debug|Win32
		{36EEF7EA-02E2-4E77-A6EC-13393AC3CAC6}.Debug|x86.Build.0 = Debug|Win32
		{36EEF7EA-02E2-4E77-A6EC-13393AC3CAC6}.Release|x64.ActiveCfg = Release|x64
		{36EEF7EA-02E2-4E77-A6EC-13393AC3CAC6}.Release|x64.Build.0 = Release|x64
		{36EEF7EA-02E2-4E77-A6EC-13393AC3CAC6}.Release|x86.ActiveCfg = Release|Win32
		{36EEF7EA-02E2-4E77-A6EC-13393AC3CAC6}.Release|x86.Build.0 = Release|Win32
	EndGlobalSection
	GlobalSection(SolutionProperties) = preSolution
		HideSolutionNode = FALSE
	EndGlobalSection
	GlobalSection(ExtensibilityGlobals) = postSolution
		SolutionGuid = {4A80E7B6-6ED5-4C48-94B2-47E34CB29011}
	EndGlobalSection
EndGlobal
