
Microsoft Visual Studio Solution File, Format Version 12.00
# Visual Studio Version 16
VisualStudioVersion = 16.0.29709.97
MinimumVisualStudioVersion = 10.0.40219.1
Project("{8BC9CEB8-8B4A-11D0-8D11-00A0C91BC942}") = "1371", "1371\1371.vcxproj", "{386D8770-1BED-4F2F-8C99-EDCC6DE289E5}"
EndProject
Global
	GlobalSection(SolutionConfigurationPlatforms) = preSolution
		Debug|x64 = Debug|x64
		Debug|x86 = Debug|x86
		Release|x64 = Release|x64
		Release|x86 = Release|x86
	EndGlobalSection
	GlobalSection(ProjectConfigurationPlatforms) = postSolution
		{386D8770-1BED-4F2F-8C99-EDCC6DE289E5}.Debug|x64.ActiveCfg = Debug|x64
		{386D8770-1BED-4F2F-8C99-EDCC6DE289E5}.Debug|x64.Build.0 = Debug|x64
		{386D8770-1BED-4F2F-8C99-EDCC6DE289E5}.Debug|x86.ActiveCfg = Debug|Win32
		{386D8770-1BED-4F2F-8C99-EDCC6DE289E5}.Debug|x86.Build.0 = Debug|Win32
		{386D8770-1BED-4F2F-8C99-EDCC6DE289E5}.Release|x64.ActiveCfg = Release|x64
		{386D8770-1BED-4F2F-8C99-EDCC6DE289E5}.Release|x64.Build.0 = Release|x64
		{386D8770-1BED-4F2F-8C99-EDCC6DE289E5}.Release|x86.ActiveCfg = Release|Win32
		{386D8770-1BED-4F2F-8C99-EDCC6DE289E5}.Release|x86.Build.0 = Release|Win32
	EndGlobalSection
	GlobalSection(SolutionProperties) = preSolution
		HideSolutionNode = FALSE
	EndGlobalSection
	GlobalSection(ExtensibilityGlobals) = postSolution
		SolutionGuid = {87C71C7C-9284-4D45-ADDA-9A241BCB02EE}
	EndGlobalSection
EndGlobal
