
Microsoft Visual Studio Solution File, Format Version 12.00
# Visual Studio Version 16
VisualStudioVersion = 16.0.29709.97
MinimumVisualStudioVersion = 10.0.40219.1
Project("{8BC9CEB8-8B4A-11D0-8D11-00A0C91BC942}") = "1173", "1173\1173.vcxproj", "{A8AE3C3E-98E1-44D8-B46B-48878A382424}"
EndProject
Global
	GlobalSection(SolutionConfigurationPlatforms) = preSolution
		Debug|x64 = Debug|x64
		Debug|x86 = Debug|x86
		Release|x64 = Release|x64
		Release|x86 = Release|x86
	EndGlobalSection
	GlobalSection(ProjectConfigurationPlatforms) = postSolution
		{A8AE3C3E-98E1-44D8-B46B-48878A382424}.Debug|x64.ActiveCfg = Debug|x64
		{A8AE3C3E-98E1-44D8-B46B-48878A382424}.Debug|x64.Build.0 = Debug|x64
		{A8AE3C3E-98E1-44D8-B46B-48878A382424}.Debug|x86.ActiveCfg = Debug|Win32
		{A8AE3C3E-98E1-44D8-B46B-48878A382424}.Debug|x86.Build.0 = Debug|Win32
		{A8AE3C3E-98E1-44D8-B46B-48878A382424}.Release|x64.ActiveCfg = Release|x64
		{A8AE3C3E-98E1-44D8-B46B-48878A382424}.Release|x64.Build.0 = Release|x64
		{A8AE3C3E-98E1-44D8-B46B-48878A382424}.Release|x86.ActiveCfg = Release|Win32
		{A8AE3C3E-98E1-44D8-B46B-48878A382424}.Release|x86.Build.0 = Release|Win32
	EndGlobalSection
	GlobalSection(SolutionProperties) = preSolution
		HideSolutionNode = FALSE
	EndGlobalSection
	GlobalSection(ExtensibilityGlobals) = postSolution
		SolutionGuid = {906AD3EF-DD4A-44E4-B09F-399A94A88A76}
	EndGlobalSection
EndGlobal
